
Microsoft Visual Studio Solution File, Format Version 11.00
# Visual Studio 2010
Project("{FAE04EC0-301F-11D3-BF4B-00C04F79EFBC}") = "FFWD.WP7", "FFWD.WP7\FFWD.WP7\FFWD.WP7.csproj", "{1661747D-3E24-4D02-A6D0-7299D9915AFA}"
EndProject
Project("{FAE04EC0-301F-11D3-BF4B-00C04F79EFBC}") = "PressPlay.FFWD.WP7", "..\..\PressPlay.FFWD\PressPlay.FFWD.WP7.csproj", "{2370CE44-C54A-4553-B0C1-5971DA50254A}"
EndProject
Project("{FAE04EC0-301F-11D3-BF4B-00C04F79EFBC}") = "FFWD.WP7.XmlContent", "FFWD.WP7\FFWD.WP7.XmlContent\FFWD.WP7.XmlContent.contentproj", "{6EB53C80-298C-4169-8E3F-712A188A7F38}"
EndProject
Project("{FAE04EC0-301F-11D3-BF4B-00C04F79EFBC}") = "PressPlay.FFWD.Import", "..\..\PressPlay.FFWD.Import\PressPlay.FFWD.Import.csproj", "{2B962BD4-23CF-4151-8A3F-DF40C4BCC75D}"
EndProject
Project("{FAE04EC0-301F-11D3-BF4B-00C04F79EFBC}") = "PressPlay.FFWD", "..\..\PressPlay.FFWD\PressPlay.FFWD.csproj", "{A02BD389-79AE-4975-9A5E-DEDC66B8A0CB}"
EndProject
Project("{FAE04EC0-301F-11D3-BF4B-00C04F79EFBC}") = "FFWD.WP7.Content", "FFWD.WP7\FFWD.WP7.Content\FFWD.WP7.Content.contentproj", "{CE645851-15C7-41B2-ABD0-400D8B663959}"
EndProject
Global
	GlobalSection(SolutionConfigurationPlatforms) = preSolution
		Debug - component profiler|Any CPU = Debug - component profiler|Any CPU
		Debug - component profiler|Mixed Platforms = Debug - component profiler|Mixed Platforms
		Debug - component profiler|Windows Phone = Debug - component profiler|Windows Phone
		Debug - component profiler|x86 = Debug - component profiler|x86
		Debug- component profiler|Any CPU = Debug- component profiler|Any CPU
		Debug- component profiler|Mixed Platforms = Debug- component profiler|Mixed Platforms
		Debug- component profiler|Windows Phone = Debug- component profiler|Windows Phone
		Debug- component profiler|x86 = Debug- component profiler|x86
		Debug|Any CPU = Debug|Any CPU
		Debug|Mixed Platforms = Debug|Mixed Platforms
		Debug|Windows Phone = Debug|Windows Phone
		Debug|x86 = Debug|x86
		DebugWithContent|Any CPU = DebugWithContent|Any CPU
		DebugWithContent|Mixed Platforms = DebugWithContent|Mixed Platforms
		DebugWithContent|Windows Phone = DebugWithContent|Windows Phone
		DebugWithContent|x86 = DebugWithContent|x86
		PipelineDebug|Any CPU = PipelineDebug|Any CPU
		PipelineDebug|Mixed Platforms = PipelineDebug|Mixed Platforms
		PipelineDebug|Windows Phone = PipelineDebug|Windows Phone
		PipelineDebug|x86 = PipelineDebug|x86
		Release all levels unlocked|Any CPU = Release all levels unlocked|Any CPU
		Release all levels unlocked|Mixed Platforms = Release all levels unlocked|Mixed Platforms
		Release all levels unlocked|Windows Phone = Release all levels unlocked|Windows Phone
		Release all levels unlocked|x86 = Release all levels unlocked|x86
		Release|Any CPU = Release|Any CPU
		Release|Mixed Platforms = Release|Mixed Platforms
		Release|Windows Phone = Release|Windows Phone
		Release|x86 = Release|x86
		Release-LOWDEF|Any CPU = Release-LOWDEF|Any CPU
		Release-LOWDEF|Mixed Platforms = Release-LOWDEF|Mixed Platforms
		Release-LOWDEF|Windows Phone = Release-LOWDEF|Windows Phone
		Release-LOWDEF|x86 = Release-LOWDEF|x86
	EndGlobalSection
	GlobalSection(ProjectConfigurationPlatforms) = postSolution
		{1661747D-3E24-4D02-A6D0-7299D9915AFA}.Debug - component profiler|Any CPU.ActiveCfg = Debug|Windows Phone
		{1661747D-3E24-4D02-A6D0-7299D9915AFA}.Debug - component profiler|Mixed Platforms.ActiveCfg = Debug|Windows Phone
		{1661747D-3E24-4D02-A6D0-7299D9915AFA}.Debug - component profiler|Mixed Platforms.Build.0 = Debug|Windows Phone
		{1661747D-3E24-4D02-A6D0-7299D9915AFA}.Debug - component profiler|Mixed Platforms.Deploy.0 = Debug|Windows Phone
		{1661747D-3E24-4D02-A6D0-7299D9915AFA}.Debug - component profiler|Windows Phone.ActiveCfg = Debug|Windows Phone
		{1661747D-3E24-4D02-A6D0-7299D9915AFA}.Debug - component profiler|Windows Phone.Build.0 = Debug|Windows Phone
		{1661747D-3E24-4D02-A6D0-7299D9915AFA}.Debug - component profiler|Windows Phone.Deploy.0 = Debug|Windows Phone
		{1661747D-3E24-4D02-A6D0-7299D9915AFA}.Debug - component profiler|x86.ActiveCfg = Debug|Windows Phone
		{1661747D-3E24-4D02-A6D0-7299D9915AFA}.Debug - component profiler|x86.Build.0 = Debug|Windows Phone
		{1661747D-3E24-4D02-A6D0-7299D9915AFA}.Debug- component profiler|Any CPU.ActiveCfg = Debug|Windows Phone
		{1661747D-3E24-4D02-A6D0-7299D9915AFA}.Debug- component profiler|Mixed Platforms.ActiveCfg = Debug|Windows Phone
		{1661747D-3E24-4D02-A6D0-7299D9915AFA}.Debug- component profiler|Mixed Platforms.Build.0 = Debug|Windows Phone
		{1661747D-3E24-4D02-A6D0-7299D9915AFA}.Debug- component profiler|Mixed Platforms.Deploy.0 = Debug|Windows Phone
		{1661747D-3E24-4D02-A6D0-7299D9915AFA}.Debug- component profiler|Windows Phone.ActiveCfg = Debug|Windows Phone
		{1661747D-3E24-4D02-A6D0-7299D9915AFA}.Debug- component profiler|Windows Phone.Build.0 = Debug|Windows Phone
		{1661747D-3E24-4D02-A6D0-7299D9915AFA}.Debug- component profiler|Windows Phone.Deploy.0 = Debug|Windows Phone
		{1661747D-3E24-4D02-A6D0-7299D9915AFA}.Debug- component profiler|x86.ActiveCfg = Debug|Windows Phone
		{1661747D-3E24-4D02-A6D0-7299D9915AFA}.Debug- component profiler|x86.Build.0 = Debug|Windows Phone
		{1661747D-3E24-4D02-A6D0-7299D9915AFA}.Debug|Any CPU.ActiveCfg = Debug|Windows Phone
		{1661747D-3E24-4D02-A6D0-7299D9915AFA}.Debug|Mixed Platforms.ActiveCfg = Debug|Windows Phone
		{1661747D-3E24-4D02-A6D0-7299D9915AFA}.Debug|Mixed Platforms.Build.0 = Debug|Windows Phone
		{1661747D-3E24-4D02-A6D0-7299D9915AFA}.Debug|Mixed Platforms.Deploy.0 = Debug|Windows Phone
		{1661747D-3E24-4D02-A6D0-7299D9915AFA}.Debug|Windows Phone.ActiveCfg = Debug|Windows Phone
		{1661747D-3E24-4D02-A6D0-7299D9915AFA}.Debug|Windows Phone.Build.0 = Debug|Windows Phone
		{1661747D-3E24-4D02-A6D0-7299D9915AFA}.Debug|Windows Phone.Deploy.0 = Debug|Windows Phone
		{1661747D-3E24-4D02-A6D0-7299D9915AFA}.Debug|x86.ActiveCfg = Debug|Windows Phone
		{1661747D-3E24-4D02-A6D0-7299D9915AFA}.Debug|x86.Build.0 = Debug|Windows Phone
		{1661747D-3E24-4D02-A6D0-7299D9915AFA}.DebugWithContent|Any CPU.ActiveCfg = Debug|Windows Phone
		{1661747D-3E24-4D02-A6D0-7299D9915AFA}.DebugWithContent|Mixed Platforms.ActiveCfg = Debug|Windows Phone
		{1661747D-3E24-4D02-A6D0-7299D9915AFA}.DebugWithContent|Mixed Platforms.Build.0 = Debug|Windows Phone
		{1661747D-3E24-4D02-A6D0-7299D9915AFA}.DebugWithContent|Mixed Platforms.Deploy.0 = Debug|Windows Phone
		{1661747D-3E24-4D02-A6D0-7299D9915AFA}.DebugWithContent|Windows Phone.ActiveCfg = Debug|Windows Phone
		{1661747D-3E24-4D02-A6D0-7299D9915AFA}.DebugWithContent|Windows Phone.Build.0 = Debug|Windows Phone
		{1661747D-3E24-4D02-A6D0-7299D9915AFA}.DebugWithContent|Windows Phone.Deploy.0 = Debug|Windows Phone
		{1661747D-3E24-4D02-A6D0-7299D9915AFA}.DebugWithContent|x86.ActiveCfg = Debug|Windows Phone
		{1661747D-3E24-4D02-A6D0-7299D9915AFA}.DebugWithContent|x86.Build.0 = Debug|Windows Phone
		{1661747D-3E24-4D02-A6D0-7299D9915AFA}.PipelineDebug|Any CPU.ActiveCfg = Debug|Windows Phone
		{1661747D-3E24-4D02-A6D0-7299D9915AFA}.PipelineDebug|Mixed Platforms.ActiveCfg = Debug|Windows Phone
		{1661747D-3E24-4D02-A6D0-7299D9915AFA}.PipelineDebug|Mixed Platforms.Build.0 = Debug|Windows Phone
		{1661747D-3E24-4D02-A6D0-7299D9915AFA}.PipelineDebug|Mixed Platforms.Deploy.0 = Debug|Windows Phone
		{1661747D-3E24-4D02-A6D0-7299D9915AFA}.PipelineDebug|Windows Phone.ActiveCfg = Debug|Windows Phone
		{1661747D-3E24-4D02-A6D0-7299D9915AFA}.PipelineDebug|Windows Phone.Build.0 = Debug|Windows Phone
		{1661747D-3E24-4D02-A6D0-7299D9915AFA}.PipelineDebug|Windows Phone.Deploy.0 = Debug|Windows Phone
		{1661747D-3E24-4D02-A6D0-7299D9915AFA}.PipelineDebug|x86.ActiveCfg = Debug|Windows Phone
		{1661747D-3E24-4D02-A6D0-7299D9915AFA}.PipelineDebug|x86.Build.0 = Debug|Windows Phone
		{1661747D-3E24-4D02-A6D0-7299D9915AFA}.Release all levels unlocked|Any CPU.ActiveCfg = Release|Windows Phone
		{1661747D-3E24-4D02-A6D0-7299D9915AFA}.Release all levels unlocked|Mixed Platforms.ActiveCfg = Release|Windows Phone
		{1661747D-3E24-4D02-A6D0-7299D9915AFA}.Release all levels unlocked|Mixed Platforms.Build.0 = Release|Windows Phone
		{1661747D-3E24-4D02-A6D0-7299D9915AFA}.Release all levels unlocked|Mixed Platforms.Deploy.0 = Release|Windows Phone
		{1661747D-3E24-4D02-A6D0-7299D9915AFA}.Release all levels unlocked|Windows Phone.ActiveCfg = Release|Windows Phone
		{1661747D-3E24-4D02-A6D0-7299D9915AFA}.Release all levels unlocked|Windows Phone.Build.0 = Release|Windows Phone
		{1661747D-3E24-4D02-A6D0-7299D9915AFA}.Release all levels unlocked|Windows Phone.Deploy.0 = Release|Windows Phone
		{1661747D-3E24-4D02-A6D0-7299D9915AFA}.Release all levels unlocked|x86.ActiveCfg = Release|Windows Phone
		{1661747D-3E24-4D02-A6D0-7299D9915AFA}.Release all levels unlocked|x86.Build.0 = Release|Windows Phone
		{1661747D-3E24-4D02-A6D0-7299D9915AFA}.Release|Any CPU.ActiveCfg = Release|Windows Phone
		{1661747D-3E24-4D02-A6D0-7299D9915AFA}.Release|Mixed Platforms.ActiveCfg = Release|Windows Phone
		{1661747D-3E24-4D02-A6D0-7299D9915AFA}.Release|Mixed Platforms.Build.0 = Release|Windows Phone
		{1661747D-3E24-4D02-A6D0-7299D9915AFA}.Release|Mixed Platforms.Deploy.0 = Release|Windows Phone
		{1661747D-3E24-4D02-A6D0-7299D9915AFA}.Release|Windows Phone.ActiveCfg = Release|Windows Phone
		{1661747D-3E24-4D02-A6D0-7299D9915AFA}.Release|Windows Phone.Build.0 = Release|Windows Phone
		{1661747D-3E24-4D02-A6D0-7299D9915AFA}.Release|Windows Phone.Deploy.0 = Release|Windows Phone
		{1661747D-3E24-4D02-A6D0-7299D9915AFA}.Release|x86.ActiveCfg = Release|Windows Phone
		{1661747D-3E24-4D02-A6D0-7299D9915AFA}.Release|x86.Build.0 = Release|Windows Phone
		{1661747D-3E24-4D02-A6D0-7299D9915AFA}.Release-LOWDEF|Any CPU.ActiveCfg = Release|Windows Phone
		{1661747D-3E24-4D02-A6D0-7299D9915AFA}.Release-LOWDEF|Mixed Platforms.ActiveCfg = Release|Windows Phone
		{1661747D-3E24-4D02-A6D0-7299D9915AFA}.Release-LOWDEF|Mixed Platforms.Build.0 = Release|Windows Phone
		{1661747D-3E24-4D02-A6D0-7299D9915AFA}.Release-LOWDEF|Mixed Platforms.Deploy.0 = Release|Windows Phone
		{1661747D-3E24-4D02-A6D0-7299D9915AFA}.Release-LOWDEF|Windows Phone.ActiveCfg = Release|Windows Phone
		{1661747D-3E24-4D02-A6D0-7299D9915AFA}.Release-LOWDEF|Windows Phone.Build.0 = Release|Windows Phone
		{1661747D-3E24-4D02-A6D0-7299D9915AFA}.Release-LOWDEF|Windows Phone.Deploy.0 = Release|Windows Phone
		{1661747D-3E24-4D02-A6D0-7299D9915AFA}.Release-LOWDEF|x86.ActiveCfg = Release|Windows Phone
		{1661747D-3E24-4D02-A6D0-7299D9915AFA}.Release-LOWDEF|x86.Build.0 = Release|Windows Phone
		{2370CE44-C54A-4553-B0C1-5971DA50254A}.Debug - component profiler|Any CPU.ActiveCfg = Debug|Windows Phone
		{2370CE44-C54A-4553-B0C1-5971DA50254A}.Debug - component profiler|Mixed Platforms.ActiveCfg = Debug|Windows Phone
		{2370CE44-C54A-4553-B0C1-5971DA50254A}.Debug - component profiler|Mixed Platforms.Build.0 = Debug|Windows Phone
		{2370CE44-C54A-4553-B0C1-5971DA50254A}.Debug - component profiler|Windows Phone.ActiveCfg = Debug|Windows Phone
		{2370CE44-C54A-4553-B0C1-5971DA50254A}.Debug - component profiler|Windows Phone.Build.0 = Debug|Windows Phone
		{2370CE44-C54A-4553-B0C1-5971DA50254A}.Debug - component profiler|x86.ActiveCfg = Debug|Windows Phone
		{2370CE44-C54A-4553-B0C1-5971DA50254A}.Debug - component profiler|x86.Build.0 = Debug|Windows Phone
		{2370CE44-C54A-4553-B0C1-5971DA50254A}.Debug- component profiler|Any CPU.ActiveCfg = Debug|Windows Phone
		{2370CE44-C54A-4553-B0C1-5971DA50254A}.Debug- component profiler|Mixed Platforms.ActiveCfg = Debug|Windows Phone
		{2370CE44-C54A-4553-B0C1-5971DA50254A}.Debug- component profiler|Mixed Platforms.Build.0 = Debug|Windows Phone
		{2370CE44-C54A-4553-B0C1-5971DA50254A}.Debug- component profiler|Windows Phone.ActiveCfg = Debug|Windows Phone
		{2370CE44-C54A-4553-B0C1-5971DA50254A}.Debug- component profiler|Windows Phone.Build.0 = Debug|Windows Phone
		{2370CE44-C54A-4553-B0C1-5971DA50254A}.Debug- component profiler|x86.ActiveCfg = Debug|Windows Phone
		{2370CE44-C54A-4553-B0C1-5971DA50254A}.Debug- component profiler|x86.Build.0 = Debug|Windows Phone
		{2370CE44-C54A-4553-B0C1-5971DA50254A}.Debug|Any CPU.ActiveCfg = Debug|Windows Phone
		{2370CE44-C54A-4553-B0C1-5971DA50254A}.Debug|Mixed Platforms.ActiveCfg = Debug|Windows Phone
		{2370CE44-C54A-4553-B0C1-5971DA50254A}.Debug|Mixed Platforms.Build.0 = Debug|Windows Phone
		{2370CE44-C54A-4553-B0C1-5971DA50254A}.Debug|Windows Phone.ActiveCfg = Debug|Windows Phone
		{2370CE44-C54A-4553-B0C1-5971DA50254A}.Debug|Windows Phone.Build.0 = Debug|Windows Phone
		{2370CE44-C54A-4553-B0C1-5971DA50254A}.Debug|x86.ActiveCfg = Debug|Windows Phone
		{2370CE44-C54A-4553-B0C1-5971DA50254A}.Debug|x86.Build.0 = Debug|Windows Phone
		{2370CE44-C54A-4553-B0C1-5971DA50254A}.DebugWithContent|Any CPU.ActiveCfg = Debug|Windows Phone
		{2370CE44-C54A-4553-B0C1-5971DA50254A}.DebugWithContent|Mixed Platforms.ActiveCfg = Debug|Windows Phone
		{2370CE44-C54A-4553-B0C1-5971DA50254A}.DebugWithContent|Mixed Platforms.Build.0 = Debug|Windows Phone
		{2370CE44-C54A-4553-B0C1-5971DA50254A}.DebugWithContent|Windows Phone.ActiveCfg = Debug|Windows Phone
		{2370CE44-C54A-4553-B0C1-5971DA50254A}.DebugWithContent|Windows Phone.Build.0 = Debug|Windows Phone
		{2370CE44-C54A-4553-B0C1-5971DA50254A}.DebugWithContent|x86.ActiveCfg = Debug|Windows Phone
		{2370CE44-C54A-4553-B0C1-5971DA50254A}.DebugWithContent|x86.Build.0 = Debug|Windows Phone
		{2370CE44-C54A-4553-B0C1-5971DA50254A}.PipelineDebug|Any CPU.ActiveCfg = Debug|Windows Phone
		{2370CE44-C54A-4553-B0C1-5971DA50254A}.PipelineDebug|Mixed Platforms.ActiveCfg = Debug|Windows Phone
		{2370CE44-C54A-4553-B0C1-5971DA50254A}.PipelineDebug|Mixed Platforms.Build.0 = Debug|Windows Phone
		{2370CE44-C54A-4553-B0C1-5971DA50254A}.PipelineDebug|Windows Phone.ActiveCfg = Debug|Windows Phone
		{2370CE44-C54A-4553-B0C1-5971DA50254A}.PipelineDebug|Windows Phone.Build.0 = Debug|Windows Phone
		{2370CE44-C54A-4553-B0C1-5971DA50254A}.PipelineDebug|x86.ActiveCfg = Debug|Windows Phone
		{2370CE44-C54A-4553-B0C1-5971DA50254A}.PipelineDebug|x86.Build.0 = Debug|Windows Phone
		{2370CE44-C54A-4553-B0C1-5971DA50254A}.Release all levels unlocked|Any CPU.ActiveCfg = Release|Windows Phone
		{2370CE44-C54A-4553-B0C1-5971DA50254A}.Release all levels unlocked|Mixed Platforms.ActiveCfg = Release|Windows Phone
		{2370CE44-C54A-4553-B0C1-5971DA50254A}.Release all levels unlocked|Mixed Platforms.Build.0 = Release|Windows Phone
		{2370CE44-C54A-4553-B0C1-5971DA50254A}.Release all levels unlocked|Windows Phone.ActiveCfg = Release|Windows Phone
		{2370CE44-C54A-4553-B0C1-5971DA50254A}.Release all levels unlocked|Windows Phone.Build.0 = Release|Windows Phone
		{2370CE44-C54A-4553-B0C1-5971DA50254A}.Release all levels unlocked|x86.ActiveCfg = Release|Windows Phone
		{2370CE44-C54A-4553-B0C1-5971DA50254A}.Release all levels unlocked|x86.Build.0 = Release|Windows Phone
		{2370CE44-C54A-4553-B0C1-5971DA50254A}.Release|Any CPU.ActiveCfg = Release|Windows Phone
		{2370CE44-C54A-4553-B0C1-5971DA50254A}.Release|Mixed Platforms.ActiveCfg = Release|Windows Phone
		{2370CE44-C54A-4553-B0C1-5971DA50254A}.Release|Mixed Platforms.Build.0 = Release|Windows Phone
		{2370CE44-C54A-4553-B0C1-5971DA50254A}.Release|Windows Phone.ActiveCfg = Release|Windows Phone
		{2370CE44-C54A-4553-B0C1-5971DA50254A}.Release|Windows Phone.Build.0 = Release|Windows Phone
		{2370CE44-C54A-4553-B0C1-5971DA50254A}.Release|x86.ActiveCfg = Release|Windows Phone
		{2370CE44-C54A-4553-B0C1-5971DA50254A}.Release|x86.Build.0 = Release|Windows Phone
		{2370CE44-C54A-4553-B0C1-5971DA50254A}.Release-LOWDEF|Any CPU.ActiveCfg = Release|Windows Phone
		{2370CE44-C54A-4553-B0C1-5971DA50254A}.Release-LOWDEF|Mixed Platforms.ActiveCfg = Release|Windows Phone
		{2370CE44-C54A-4553-B0C1-5971DA50254A}.Release-LOWDEF|Mixed Platforms.Build.0 = Release|Windows Phone
		{2370CE44-C54A-4553-B0C1-5971DA50254A}.Release-LOWDEF|Windows Phone.ActiveCfg = Release|Windows Phone
		{2370CE44-C54A-4553-B0C1-5971DA50254A}.Release-LOWDEF|Windows Phone.Build.0 = Release|Windows Phone
		{2370CE44-C54A-4553-B0C1-5971DA50254A}.Release-LOWDEF|x86.ActiveCfg = Release|Windows Phone
		{2370CE44-C54A-4553-B0C1-5971DA50254A}.Release-LOWDEF|x86.Build.0 = Release|Windows Phone
		{6EB53C80-298C-4169-8E3F-712A188A7F38}.Debug - component profiler|Any CPU.ActiveCfg = Debug|Any CPU
		{6EB53C80-298C-4169-8E3F-712A188A7F38}.Debug - component profiler|Mixed Platforms.ActiveCfg = Debug|Any CPU
		{6EB53C80-298C-4169-8E3F-712A188A7F38}.Debug - component profiler|Windows Phone.ActiveCfg = Debug|Any CPU
		{6EB53C80-298C-4169-8E3F-712A188A7F38}.Debug - component profiler|x86.ActiveCfg = Debug|Any CPU
		{6EB53C80-298C-4169-8E3F-712A188A7F38}.Debug- component profiler|Any CPU.ActiveCfg = Debug|Any CPU
		{6EB53C80-298C-4169-8E3F-712A188A7F38}.Debug- component profiler|Mixed Platforms.ActiveCfg = Debug|Any CPU
		{6EB53C80-298C-4169-8E3F-712A188A7F38}.Debug- component profiler|Windows Phone.ActiveCfg = Debug|Any CPU
		{6EB53C80-298C-4169-8E3F-712A188A7F38}.Debug- component profiler|x86.ActiveCfg = Debug|Any CPU
		{6EB53C80-298C-4169-8E3F-712A188A7F38}.Debug|Any CPU.ActiveCfg = Debug|Any CPU
		{6EB53C80-298C-4169-8E3F-712A188A7F38}.Debug|Mixed Platforms.ActiveCfg = Debug|Any CPU
		{6EB53C80-298C-4169-8E3F-712A188A7F38}.Debug|Windows Phone.ActiveCfg = Debug|Any CPU
		{6EB53C80-298C-4169-8E3F-712A188A7F38}.Debug|x86.ActiveCfg = Debug|Any CPU
		{6EB53C80-298C-4169-8E3F-712A188A7F38}.DebugWithContent|Any CPU.ActiveCfg = Debug|Any CPU
		{6EB53C80-298C-4169-8E3F-712A188A7F38}.DebugWithContent|Mixed Platforms.ActiveCfg = Debug|Any CPU
		{6EB53C80-298C-4169-8E3F-712A188A7F38}.DebugWithContent|Windows Phone.ActiveCfg = Debug|Any CPU
		{6EB53C80-298C-4169-8E3F-712A188A7F38}.DebugWithContent|x86.ActiveCfg = Debug|Any CPU
		{6EB53C80-298C-4169-8E3F-712A188A7F38}.PipelineDebug|Any CPU.ActiveCfg = Debug|Any CPU
		{6EB53C80-298C-4169-8E3F-712A188A7F38}.PipelineDebug|Mixed Platforms.ActiveCfg = Debug|Any CPU
		{6EB53C80-298C-4169-8E3F-712A188A7F38}.PipelineDebug|Windows Phone.ActiveCfg = Debug|Any CPU
		{6EB53C80-298C-4169-8E3F-712A188A7F38}.PipelineDebug|x86.ActiveCfg = Debug|Any CPU
		{6EB53C80-298C-4169-8E3F-712A188A7F38}.Release all levels unlocked|Any CPU.ActiveCfg = Debug|Any CPU
		{6EB53C80-298C-4169-8E3F-712A188A7F38}.Release all levels unlocked|Mixed Platforms.ActiveCfg = Debug|Any CPU
		{6EB53C80-298C-4169-8E3F-712A188A7F38}.Release all levels unlocked|Windows Phone.ActiveCfg = Debug|Any CPU
		{6EB53C80-298C-4169-8E3F-712A188A7F38}.Release all levels unlocked|x86.ActiveCfg = Debug|Any CPU
		{6EB53C80-298C-4169-8E3F-712A188A7F38}.Release|Any CPU.ActiveCfg = Debug|Any CPU
		{6EB53C80-298C-4169-8E3F-712A188A7F38}.Release|Mixed Platforms.ActiveCfg = Debug|Any CPU
		{6EB53C80-298C-4169-8E3F-712A188A7F38}.Release|Windows Phone.ActiveCfg = Debug|Any CPU
		{6EB53C80-298C-4169-8E3F-712A188A7F38}.Release|x86.ActiveCfg = Debug|Any CPU
		{6EB53C80-298C-4169-8E3F-712A188A7F38}.Release-LOWDEF|Any CPU.ActiveCfg = Debug|Any CPU
		{6EB53C80-298C-4169-8E3F-712A188A7F38}.Release-LOWDEF|Mixed Platforms.ActiveCfg = Debug|Any CPU
		{6EB53C80-298C-4169-8E3F-712A188A7F38}.Release-LOWDEF|Windows Phone.ActiveCfg = Debug|Any CPU
		{6EB53C80-298C-4169-8E3F-712A188A7F38}.Release-LOWDEF|x86.ActiveCfg = Debug|Any CPU
		{2B962BD4-23CF-4151-8A3F-DF40C4BCC75D}.Debug - component profiler|Any CPU.ActiveCfg = Debug - component profiler|x86
		{2B962BD4-23CF-4151-8A3F-DF40C4BCC75D}.Debug - component profiler|Mixed Platforms.ActiveCfg = Debug - component profiler|x86
		{2B962BD4-23CF-4151-8A3F-DF40C4BCC75D}.Debug - component profiler|Mixed Platforms.Build.0 = Debug - component profiler|x86
		{2B962BD4-23CF-4151-8A3F-DF40C4BCC75D}.Debug - component profiler|Windows Phone.ActiveCfg = Debug - component profiler|x86
		{2B962BD4-23CF-4151-8A3F-DF40C4BCC75D}.Debug - component profiler|x86.ActiveCfg = Debug - component profiler|x86
		{2B962BD4-23CF-4151-8A3F-DF40C4BCC75D}.Debug - component profiler|x86.Build.0 = Debug - component profiler|x86
		{2B962BD4-23CF-4151-8A3F-DF40C4BCC75D}.Debug- component profiler|Any CPU.ActiveCfg = Debug- component profiler|x86
		{2B962BD4-23CF-4151-8A3F-DF40C4BCC75D}.Debug- component profiler|Mixed Platforms.ActiveCfg = Debug- component profiler|x86
		{2B962BD4-23CF-4151-8A3F-DF40C4BCC75D}.Debug- component profiler|Mixed Platforms.Build.0 = Debug- component profiler|x86
		{2B962BD4-23CF-4151-8A3F-DF40C4BCC75D}.Debug- component profiler|Windows Phone.ActiveCfg = Debug- component profiler|x86
		{2B962BD4-23CF-4151-8A3F-DF40C4BCC75D}.Debug- component profiler|x86.ActiveCfg = Debug- component profiler|x86
		{2B962BD4-23CF-4151-8A3F-DF40C4BCC75D}.Debug- component profiler|x86.Build.0 = Debug- component profiler|x86
		{2B962BD4-23CF-4151-8A3F-DF40C4BCC75D}.Debug|Any CPU.ActiveCfg = Debug|x86
		{2B962BD4-23CF-4151-8A3F-DF40C4BCC75D}.Debug|Mixed Platforms.ActiveCfg = Debug|x86
		{2B962BD4-23CF-4151-8A3F-DF40C4BCC75D}.Debug|Mixed Platforms.Build.0 = Debug|x86
		{2B962BD4-23CF-4151-8A3F-DF40C4BCC75D}.Debug|Windows Phone.ActiveCfg = Debug|x86
		{2B962BD4-23CF-4151-8A3F-DF40C4BCC75D}.Debug|x86.ActiveCfg = Debug|x86
		{2B962BD4-23CF-4151-8A3F-DF40C4BCC75D}.Debug|x86.Build.0 = Debug|x86
		{2B962BD4-23CF-4151-8A3F-DF40C4BCC75D}.DebugWithContent|Any CPU.ActiveCfg = DebugWithContent|x86
		{2B962BD4-23CF-4151-8A3F-DF40C4BCC75D}.DebugWithContent|Mixed Platforms.ActiveCfg = DebugWithContent|x86
		{2B962BD4-23CF-4151-8A3F-DF40C4BCC75D}.DebugWithContent|Mixed Platforms.Build.0 = DebugWithContent|x86
		{2B962BD4-23CF-4151-8A3F-DF40C4BCC75D}.DebugWithContent|Windows Phone.ActiveCfg = DebugWithContent|x86
		{2B962BD4-23CF-4151-8A3F-DF40C4BCC75D}.DebugWithContent|x86.ActiveCfg = DebugWithContent|x86
		{2B962BD4-23CF-4151-8A3F-DF40C4BCC75D}.DebugWithContent|x86.Build.0 = DebugWithContent|x86
		{2B962BD4-23CF-4151-8A3F-DF40C4BCC75D}.PipelineDebug|Any CPU.ActiveCfg = PipelineDebug|x86
		{2B962BD4-23CF-4151-8A3F-DF40C4BCC75D}.PipelineDebug|Mixed Platforms.ActiveCfg = PipelineDebug|x86
		{2B962BD4-23CF-4151-8A3F-DF40C4BCC75D}.PipelineDebug|Mixed Platforms.Build.0 = PipelineDebug|x86
		{2B962BD4-23CF-4151-8A3F-DF40C4BCC75D}.PipelineDebug|Windows Phone.ActiveCfg = PipelineDebug|x86
		{2B962BD4-23CF-4151-8A3F-DF40C4BCC75D}.PipelineDebug|x86.ActiveCfg = PipelineDebug|x86
		{2B962BD4-23CF-4151-8A3F-DF40C4BCC75D}.PipelineDebug|x86.Build.0 = PipelineDebug|x86
		{2B962BD4-23CF-4151-8A3F-DF40C4BCC75D}.Release all levels unlocked|Any CPU.ActiveCfg = Release all levels unlocked|x86
		{2B962BD4-23CF-4151-8A3F-DF40C4BCC75D}.Release all levels unlocked|Mixed Platforms.ActiveCfg = Release all levels unlocked|x86
		{2B962BD4-23CF-4151-8A3F-DF40C4BCC75D}.Release all levels unlocked|Mixed Platforms.Build.0 = Release all levels unlocked|x86
		{2B962BD4-23CF-4151-8A3F-DF40C4BCC75D}.Release all levels unlocked|Windows Phone.ActiveCfg = Release all levels unlocked|x86
		{2B962BD4-23CF-4151-8A3F-DF40C4BCC75D}.Release all levels unlocked|x86.ActiveCfg = Release all levels unlocked|x86
		{2B962BD4-23CF-4151-8A3F-DF40C4BCC75D}.Release all levels unlocked|x86.Build.0 = Release all levels unlocked|x86
		{2B962BD4-23CF-4151-8A3F-DF40C4BCC75D}.Release|Any CPU.ActiveCfg = Release|x86
		{2B962BD4-23CF-4151-8A3F-DF40C4BCC75D}.Release|Mixed Platforms.ActiveCfg = Release|x86
		{2B962BD4-23CF-4151-8A3F-DF40C4BCC75D}.Release|Mixed Platforms.Build.0 = Release|x86
		{2B962BD4-23CF-4151-8A3F-DF40C4BCC75D}.Release|Windows Phone.ActiveCfg = Release|x86
		{2B962BD4-23CF-4151-8A3F-DF40C4BCC75D}.Release|x86.ActiveCfg = Release|x86
		{2B962BD4-23CF-4151-8A3F-DF40C4BCC75D}.Release|x86.Build.0 = Release|x86
		{2B962BD4-23CF-4151-8A3F-DF40C4BCC75D}.Release-LOWDEF|Any CPU.ActiveCfg = Release-LOWDEF|x86
		{2B962BD4-23CF-4151-8A3F-DF40C4BCC75D}.Release-LOWDEF|Mixed Platforms.ActiveCfg = Release-LOWDEF|x86
		{2B962BD4-23CF-4151-8A3F-DF40C4BCC75D}.Release-LOWDEF|Mixed Platforms.Build.0 = Release-LOWDEF|x86
		{2B962BD4-23CF-4151-8A3F-DF40C4BCC75D}.Release-LOWDEF|Windows Phone.ActiveCfg = Release-LOWDEF|x86
		{2B962BD4-23CF-4151-8A3F-DF40C4BCC75D}.Release-LOWDEF|x86.ActiveCfg = Release-LOWDEF|x86
		{2B962BD4-23CF-4151-8A3F-DF40C4BCC75D}.Release-LOWDEF|x86.Build.0 = Release-LOWDEF|x86
		{A02BD389-79AE-4975-9A5E-DEDC66B8A0CB}.Debug - component profiler|Any CPU.ActiveCfg = Debug - component profiler|x86
		{A02BD389-79AE-4975-9A5E-DEDC66B8A0CB}.Debug - component profiler|Mixed Platforms.ActiveCfg = Debug - component profiler|x86
		{A02BD389-79AE-4975-9A5E-DEDC66B8A0CB}.Debug - component profiler|Mixed Platforms.Build.0 = Debug - component profiler|x86
		{A02BD389-79AE-4975-9A5E-DEDC66B8A0CB}.Debug - component profiler|Windows Phone.ActiveCfg = Debug - component profiler|x86
		{A02BD389-79AE-4975-9A5E-DEDC66B8A0CB}.Debug - component profiler|x86.ActiveCfg = Debug - component profiler|x86
		{A02BD389-79AE-4975-9A5E-DEDC66B8A0CB}.Debug - component profiler|x86.Build.0 = Debug - component profiler|x86
		{A02BD389-79AE-4975-9A5E-DEDC66B8A0CB}.Debug- component profiler|Any CPU.ActiveCfg = Debug- component profiler|x86
		{A02BD389-79AE-4975-9A5E-DEDC66B8A0CB}.Debug- component profiler|Mixed Platforms.ActiveCfg = Debug- component profiler|x86
		{A02BD389-79AE-4975-9A5E-DEDC66B8A0CB}.Debug- component profiler|Mixed Platforms.Build.0 = Debug- component profiler|x86
		{A02BD389-79AE-4975-9A5E-DEDC66B8A0CB}.Debug- component profiler|Windows Phone.ActiveCfg = Debug- component profiler|x86
		{A02BD389-79AE-4975-9A5E-DEDC66B8A0CB}.Debug- component profiler|x86.ActiveCfg = Debug- component profiler|x86
		{A02BD389-79AE-4975-9A5E-DEDC66B8A0CB}.Debug- component profiler|x86.Build.0 = Debug- component profiler|x86
		{A02BD389-79AE-4975-9A5E-DEDC66B8A0CB}.Debug|Any CPU.ActiveCfg = Debug|x86
		{A02BD389-79AE-4975-9A5E-DEDC66B8A0CB}.Debug|Mixed Platforms.ActiveCfg = Debug|x86
		{A02BD389-79AE-4975-9A5E-DEDC66B8A0CB}.Debug|Mixed Platforms.Build.0 = Debug|x86
		{A02BD389-79AE-4975-9A5E-DEDC66B8A0CB}.Debug|Windows Phone.ActiveCfg = Debug|x86
		{A02BD389-79AE-4975-9A5E-DEDC66B8A0CB}.Debug|x86.ActiveCfg = Debug|x86
		{A02BD389-79AE-4975-9A5E-DEDC66B8A0CB}.Debug|x86.Build.0 = Debug|x86
		{A02BD389-79AE-4975-9A5E-DEDC66B8A0CB}.DebugWithContent|Any CPU.ActiveCfg = DebugWithContent|x86
		{A02BD389-79AE-4975-9A5E-DEDC66B8A0CB}.DebugWithContent|Mixed Platforms.ActiveCfg = DebugWithContent|x86
		{A02BD389-79AE-4975-9A5E-DEDC66B8A0CB}.DebugWithContent|Mixed Platforms.Build.0 = DebugWithContent|x86
		{A02BD389-79AE-4975-9A5E-DEDC66B8A0CB}.DebugWithContent|Windows Phone.ActiveCfg = DebugWithContent|x86
		{A02BD389-79AE-4975-9A5E-DEDC66B8A0CB}.DebugWithContent|x86.ActiveCfg = DebugWithContent|x86
		{A02BD389-79AE-4975-9A5E-DEDC66B8A0CB}.DebugWithContent|x86.Build.0 = DebugWithContent|x86
		{A02BD389-79AE-4975-9A5E-DEDC66B8A0CB}.PipelineDebug|Any CPU.ActiveCfg = PipelineDebug|x86
		{A02BD389-79AE-4975-9A5E-DEDC66B8A0CB}.PipelineDebug|Mixed Platforms.ActiveCfg = PipelineDebug|x86
		{A02BD389-79AE-4975-9A5E-DEDC66B8A0CB}.PipelineDebug|Mixed Platforms.Build.0 = PipelineDebug|x86
		{A02BD389-79AE-4975-9A5E-DEDC66B8A0CB}.PipelineDebug|Windows Phone.ActiveCfg = PipelineDebug|x86
		{A02BD389-79AE-4975-9A5E-DEDC66B8A0CB}.PipelineDebug|x86.ActiveCfg = PipelineDebug|x86
		{A02BD389-79AE-4975-9A5E-DEDC66B8A0CB}.PipelineDebug|x86.Build.0 = PipelineDebug|x86
		{A02BD389-79AE-4975-9A5E-DEDC66B8A0CB}.Release all levels unlocked|Any CPU.ActiveCfg = Release all levels unlocked|x86
		{A02BD389-79AE-4975-9A5E-DEDC66B8A0CB}.Release all levels unlocked|Mixed Platforms.ActiveCfg = Release all levels unlocked|x86
		{A02BD389-79AE-4975-9A5E-DEDC66B8A0CB}.Release all levels unlocked|Mixed Platforms.Build.0 = Release all levels unlocked|x86
		{A02BD389-79AE-4975-9A5E-DEDC66B8A0CB}.Release all levels unlocked|Windows Phone.ActiveCfg = Release all levels unlocked|x86
		{A02BD389-79AE-4975-9A5E-DEDC66B8A0CB}.Release all levels unlocked|x86.ActiveCfg = Release all levels unlocked|x86
		{A02BD389-79AE-4975-9A5E-DEDC66B8A0CB}.Release all levels unlocked|x86.Build.0 = Release all levels unlocked|x86
		{A02BD389-79AE-4975-9A5E-DEDC66B8A0CB}.Release|Any CPU.ActiveCfg = Release|x86
		{A02BD389-79AE-4975-9A5E-DEDC66B8A0CB}.Release|Mixed Platforms.ActiveCfg = Release|x86
		{A02BD389-79AE-4975-9A5E-DEDC66B8A0CB}.Release|Mixed Platforms.Build.0 = Release|x86
		{A02BD389-79AE-4975-9A5E-DEDC66B8A0CB}.Release|Windows Phone.ActiveCfg = Release|x86
		{A02BD389-79AE-4975-9A5E-DEDC66B8A0CB}.Release|x86.ActiveCfg = Release|x86
		{A02BD389-79AE-4975-9A5E-DEDC66B8A0CB}.Release|x86.Build.0 = Release|x86
		{A02BD389-79AE-4975-9A5E-DEDC66B8A0CB}.Release-LOWDEF|Any CPU.ActiveCfg = Release-LOWDEF|x86
		{A02BD389-79AE-4975-9A5E-DEDC66B8A0CB}.Release-LOWDEF|Mixed Platforms.ActiveCfg = Release-LOWDEF|x86
		{A02BD389-79AE-4975-9A5E-DEDC66B8A0CB}.Release-LOWDEF|Mixed Platforms.Build.0 = Release-LOWDEF|x86
		{A02BD389-79AE-4975-9A5E-DEDC66B8A0CB}.Release-LOWDEF|Windows Phone.ActiveCfg = Release-LOWDEF|x86
		{A02BD389-79AE-4975-9A5E-DEDC66B8A0CB}.Release-LOWDEF|x86.ActiveCfg = Release-LOWDEF|x86
		{A02BD389-79AE-4975-9A5E-DEDC66B8A0CB}.Release-LOWDEF|x86.Build.0 = Release-LOWDEF|x86
		{CE645851-15C7-41B2-ABD0-400D8B663959}.Debug - component profiler|Any CPU.ActiveCfg = Debug|Windows Phone
		{CE645851-15C7-41B2-ABD0-400D8B663959}.Debug - component profiler|Mixed Platforms.ActiveCfg = Debug|Windows Phone
		{CE645851-15C7-41B2-ABD0-400D8B663959}.Debug - component profiler|Windows Phone.ActiveCfg = Debug|Windows Phone
		{CE645851-15C7-41B2-ABD0-400D8B663959}.Debug - component profiler|x86.ActiveCfg = Debug|Windows Phone
		{CE645851-15C7-41B2-ABD0-400D8B663959}.Debug- component profiler|Any CPU.ActiveCfg = Debug|Windows Phone
		{CE645851-15C7-41B2-ABD0-400D8B663959}.Debug- component profiler|Mixed Platforms.ActiveCfg = Debug|Windows Phone
		{CE645851-15C7-41B2-ABD0-400D8B663959}.Debug- component profiler|Windows Phone.ActiveCfg = Debug|Windows Phone
		{CE645851-15C7-41B2-ABD0-400D8B663959}.Debug- component profiler|x86.ActiveCfg = Debug|Windows Phone
		{CE645851-15C7-41B2-ABD0-400D8B663959}.Debug|Any CPU.ActiveCfg = Debug|Windows Phone
		{CE645851-15C7-41B2-ABD0-400D8B663959}.Debug|Mixed Platforms.ActiveCfg = Debug|Windows Phone
		{CE645851-15C7-41B2-ABD0-400D8B663959}.Debug|Windows Phone.ActiveCfg = Debug|Windows Phone
		{CE645851-15C7-41B2-ABD0-400D8B663959}.Debug|x86.ActiveCfg = Debug|Windows Phone
		{CE645851-15C7-41B2-ABD0-400D8B663959}.DebugWithContent|Any CPU.ActiveCfg = Debug|Windows Phone
		{CE645851-15C7-41B2-ABD0-400D8B663959}.DebugWithContent|Mixed Platforms.ActiveCfg = Debug|Windows Phone
		{CE645851-15C7-41B2-ABD0-400D8B663959}.DebugWithContent|Windows Phone.ActiveCfg = Debug|Windows Phone
		{CE645851-15C7-41B2-ABD0-400D8B663959}.DebugWithContent|x86.ActiveCfg = Debug|Windows Phone
		{CE645851-15C7-41B2-ABD0-400D8B663959}.PipelineDebug|Any CPU.ActiveCfg = Debug|Windows Phone
		{CE645851-15C7-41B2-ABD0-400D8B663959}.PipelineDebug|Mixed Platforms.ActiveCfg = Debug|Windows Phone
		{CE645851-15C7-41B2-ABD0-400D8B663959}.PipelineDebug|Windows Phone.ActiveCfg = Debug|Windows Phone
		{CE645851-15C7-41B2-ABD0-400D8B663959}.PipelineDebug|x86.ActiveCfg = Debug|Windows Phone
		{CE645851-15C7-41B2-ABD0-400D8B663959}.Release all levels unlocked|Any CPU.ActiveCfg = Release|Windows Phone
		{CE645851-15C7-41B2-ABD0-400D8B663959}.Release all levels unlocked|Mixed Platforms.ActiveCfg = Release|Windows Phone
		{CE645851-15C7-41B2-ABD0-400D8B663959}.Release all levels unlocked|Windows Phone.ActiveCfg = Release|Windows Phone
		{CE645851-15C7-41B2-ABD0-400D8B663959}.Release all levels unlocked|x86.ActiveCfg = Release|Windows Phone
		{CE645851-15C7-41B2-ABD0-400D8B663959}.Release|Any CPU.ActiveCfg = Release|Windows Phone
		{CE645851-15C7-41B2-ABD0-400D8B663959}.Release|Mixed Platforms.ActiveCfg = Release|Windows Phone
		{CE645851-15C7-41B2-ABD0-400D8B663959}.Release|Windows Phone.ActiveCfg = Release|Windows Phone
		{CE645851-15C7-41B2-ABD0-400D8B663959}.Release|x86.ActiveCfg = Release|Windows Phone
		{CE645851-15C7-41B2-ABD0-400D8B663959}.Release-LOWDEF|Any CPU.ActiveCfg = Release|Windows Phone
		{CE645851-15C7-41B2-ABD0-400D8B663959}.Release-LOWDEF|Mixed Platforms.ActiveCfg = Release|Windows Phone
		{CE645851-15C7-41B2-ABD0-400D8B663959}.Release-LOWDEF|Windows Phone.ActiveCfg = Release|Windows Phone
		{CE645851-15C7-41B2-ABD0-400D8B663959}.Release-LOWDEF|x86.ActiveCfg = Release|Windows Phone
	EndGlobalSection
	GlobalSection(SolutionProperties) = preSolution
		HideSolutionNode = FALSE
	EndGlobalSection
EndGlobal
