
Microsoft Visual Studio Solution File, Format Version 11.00
# Visual Studio 2010
Project("{FAE04EC0-301F-11D3-BF4B-00C04F79EFBC}") = "PressPlay.Tentacles.Win", "PressPlay.Tentacles.Win\PressPlay.Tentacles.Win\PressPlay.Tentacles.Win.csproj", "{B0E18335-4425-41C1-B7F4-1C39CB2A2613}"
EndProject
Project("{FAE04EC0-301F-11D3-BF4B-00C04F79EFBC}") = "PressPlay.Tentacles.WinContent", "PressPlay.Tentacles.Win\PressPlay.Tentacles.WinContent\PressPlay.Tentacles.WinContent.contentproj", "{035BC7A0-D8B5-4AF9-A083-BF403CC2F2A3}"
EndProject
Project("{FAE04EC0-301F-11D3-BF4B-00C04F79EFBC}") = "PressPlay.Tentacles.WP7", "PressPlay.Tentacles.Win\PressPlay.Tentacles.Win\PressPlay.Tentacles.WP7.csproj", "{C2A86C36-A404-478D-BC45-209D37A249F0}"
EndProject
Project("{FAE04EC0-301F-11D3-BF4B-00C04F79EFBC}") = "SkinnedModelPipeline", "SkinnedModelPipeline\SkinnedModelPipeline.csproj", "{4636C7E1-B845-4B83-B96D-64A11B8A4515}"
EndProject
Project("{FAE04EC0-301F-11D3-BF4B-00C04F79EFBC}") = "PressPlay.Tentacles.XmlContent", "PressPlay.Tentacles.XmlContent\PressPlay.Tentacles.XmlContent.contentproj", "{4C58C1EE-5091-42D3-A9DF-F274A942D800}"
EndProject
Project("{2150E333-8FDC-42A3-9474-1A3956D46DE8}") = "Solution Items", "Solution Items", "{A1E14048-C43C-4EAB-8FEC-6F085B437C96}"
EndProject
Project("{FAE04EC0-301F-11D3-BF4B-00C04F79EFBC}") = "PressPlay.FFWD", "FFWD\PressPlay.FFWD\PressPlay.FFWD.csproj", "{A02BD389-79AE-4975-9A5E-DEDC66B8A0CB}"
EndProject
Project("{FAE04EC0-301F-11D3-BF4B-00C04F79EFBC}") = "PressPlay.FFWD.Test", "FFWD\PressPlay.FFWD.Test\PressPlay.FFWD.Test.csproj", "{3EF6CEED-AFCF-449D-BD9D-7A9B08A44C9A}"
EndProject
Project("{FAE04EC0-301F-11D3-BF4B-00C04F79EFBC}") = "PressPlay.FFWD.WP7", "FFWD\PressPlay.FFWD\PressPlay.FFWD.WP7.csproj", "{A1F641A6-432F-4764-BE17-A808700925E7}"
EndProject
Project("{FAE04EC0-301F-11D3-BF4B-00C04F79EFBC}") = "PressPlay.Tentacles.Scripts", "PressPlay.Tentacles.Scripts\PressPlay.Tentacles.Scripts.csproj", "{C7620F77-0746-417F-B44F-C44527E0CE46}"
EndProject
Project("{FAE04EC0-301F-11D3-BF4B-00C04F79EFBC}") = "PressPlay.Tentacles.Scripts.WP7", "PressPlay.Tentacles.Scripts\PressPlay.Tentacles.Scripts.WP7.csproj", "{8CBD500E-5C97-4C06-8D1F-C75362284BB5}"
EndProject
Project("{FAE04EC0-301F-11D3-BF4B-00C04F79EFBC}") = "PressPlay.FFWD.Import", "FFWD\PressPlay.FFWD.Import\PressPlay.FFWD.Import.csproj", "{2B962BD4-23CF-4151-8A3F-DF40C4BCC75D}"
EndProject
Global
	GlobalSection(SolutionConfigurationPlatforms) = preSolution
		Debug|Any CPU = Debug|Any CPU
		Debug|Mixed Platforms = Debug|Mixed Platforms
		Debug|Windows Phone = Debug|Windows Phone
		Debug|x86 = Debug|x86
		Debug|Xbox 360 = Debug|Xbox 360
		Debug|Zune = Debug|Zune
		Release|Any CPU = Release|Any CPU
		Release|Mixed Platforms = Release|Mixed Platforms
		Release|Windows Phone = Release|Windows Phone
		Release|x86 = Release|x86
		Release|Xbox 360 = Release|Xbox 360
		Release|Zune = Release|Zune
	EndGlobalSection
	GlobalSection(ProjectConfigurationPlatforms) = postSolution
		{B0E18335-4425-41C1-B7F4-1C39CB2A2613}.Debug|Any CPU.ActiveCfg = Debug|x86
		{B0E18335-4425-41C1-B7F4-1C39CB2A2613}.Debug|Mixed Platforms.ActiveCfg = Debug|x86
		{B0E18335-4425-41C1-B7F4-1C39CB2A2613}.Debug|Mixed Platforms.Build.0 = Debug|x86
		{B0E18335-4425-41C1-B7F4-1C39CB2A2613}.Debug|Windows Phone.ActiveCfg = Debug|x86
		{B0E18335-4425-41C1-B7F4-1C39CB2A2613}.Debug|x86.ActiveCfg = Debug|x86
		{B0E18335-4425-41C1-B7F4-1C39CB2A2613}.Debug|x86.Build.0 = Debug|x86
		{B0E18335-4425-41C1-B7F4-1C39CB2A2613}.Debug|Xbox 360.ActiveCfg = Debug|x86
		{B0E18335-4425-41C1-B7F4-1C39CB2A2613}.Debug|Zune.ActiveCfg = Debug|x86
		{B0E18335-4425-41C1-B7F4-1C39CB2A2613}.Release|Any CPU.ActiveCfg = Release|x86
		{B0E18335-4425-41C1-B7F4-1C39CB2A2613}.Release|Mixed Platforms.ActiveCfg = Release|x86
		{B0E18335-4425-41C1-B7F4-1C39CB2A2613}.Release|Mixed Platforms.Build.0 = Release|x86
		{B0E18335-4425-41C1-B7F4-1C39CB2A2613}.Release|Windows Phone.ActiveCfg = Release|x86
		{B0E18335-4425-41C1-B7F4-1C39CB2A2613}.Release|Windows Phone.Build.0 = Release|x86
		{B0E18335-4425-41C1-B7F4-1C39CB2A2613}.Release|x86.ActiveCfg = Release|x86
		{B0E18335-4425-41C1-B7F4-1C39CB2A2613}.Release|x86.Build.0 = Release|x86
		{B0E18335-4425-41C1-B7F4-1C39CB2A2613}.Release|Xbox 360.ActiveCfg = Release|x86
		{B0E18335-4425-41C1-B7F4-1C39CB2A2613}.Release|Zune.ActiveCfg = Release|x86
		{035BC7A0-D8B5-4AF9-A083-BF403CC2F2A3}.Debug|Any CPU.ActiveCfg = Debug|x86
		{035BC7A0-D8B5-4AF9-A083-BF403CC2F2A3}.Debug|Mixed Platforms.ActiveCfg = Debug|x86
		{035BC7A0-D8B5-4AF9-A083-BF403CC2F2A3}.Debug|Windows Phone.ActiveCfg = Debug|x86
		{035BC7A0-D8B5-4AF9-A083-BF403CC2F2A3}.Debug|x86.ActiveCfg = Debug|x86
		{035BC7A0-D8B5-4AF9-A083-BF403CC2F2A3}.Debug|Xbox 360.ActiveCfg = Debug|x86
		{035BC7A0-D8B5-4AF9-A083-BF403CC2F2A3}.Debug|Zune.ActiveCfg = Debug|x86
		{035BC7A0-D8B5-4AF9-A083-BF403CC2F2A3}.Release|Any CPU.ActiveCfg = Release|x86
		{035BC7A0-D8B5-4AF9-A083-BF403CC2F2A3}.Release|Mixed Platforms.ActiveCfg = Release|x86
		{035BC7A0-D8B5-4AF9-A083-BF403CC2F2A3}.Release|Windows Phone.ActiveCfg = Release|x86
		{035BC7A0-D8B5-4AF9-A083-BF403CC2F2A3}.Release|x86.ActiveCfg = Release|x86
		{035BC7A0-D8B5-4AF9-A083-BF403CC2F2A3}.Release|Xbox 360.ActiveCfg = Release|x86
		{035BC7A0-D8B5-4AF9-A083-BF403CC2F2A3}.Release|Zune.ActiveCfg = Release|x86
		{C2A86C36-A404-478D-BC45-209D37A249F0}.Debug|Any CPU.ActiveCfg = Debug|Windows Phone
		{C2A86C36-A404-478D-BC45-209D37A249F0}.Debug|Mixed Platforms.ActiveCfg = Debug|Windows Phone
		{C2A86C36-A404-478D-BC45-209D37A249F0}.Debug|Mixed Platforms.Build.0 = Debug|Windows Phone
		{C2A86C36-A404-478D-BC45-209D37A249F0}.Debug|Mixed Platforms.Deploy.0 = Debug|Windows Phone
		{C2A86C36-A404-478D-BC45-209D37A249F0}.Debug|Windows Phone.ActiveCfg = Debug|Windows Phone
		{C2A86C36-A404-478D-BC45-209D37A249F0}.Debug|Windows Phone.Build.0 = Debug|Windows Phone
		{C2A86C36-A404-478D-BC45-209D37A249F0}.Debug|Windows Phone.Deploy.0 = Debug|Windows Phone
		{C2A86C36-A404-478D-BC45-209D37A249F0}.Debug|x86.ActiveCfg = Debug|Windows Phone
		{C2A86C36-A404-478D-BC45-209D37A249F0}.Debug|Xbox 360.ActiveCfg = Debug|Windows Phone
		{C2A86C36-A404-478D-BC45-209D37A249F0}.Debug|Zune.ActiveCfg = Debug|Windows Phone
		{C2A86C36-A404-478D-BC45-209D37A249F0}.Release|Any CPU.ActiveCfg = Release|Windows Phone
		{C2A86C36-A404-478D-BC45-209D37A249F0}.Release|Mixed Platforms.ActiveCfg = Release|Windows Phone
		{C2A86C36-A404-478D-BC45-209D37A249F0}.Release|Mixed Platforms.Build.0 = Release|Windows Phone
		{C2A86C36-A404-478D-BC45-209D37A249F0}.Release|Mixed Platforms.Deploy.0 = Release|Windows Phone
		{C2A86C36-A404-478D-BC45-209D37A249F0}.Release|Windows Phone.ActiveCfg = Release|Windows Phone
		{C2A86C36-A404-478D-BC45-209D37A249F0}.Release|Windows Phone.Build.0 = Release|Windows Phone
		{C2A86C36-A404-478D-BC45-209D37A249F0}.Release|Windows Phone.Deploy.0 = Release|Windows Phone
		{C2A86C36-A404-478D-BC45-209D37A249F0}.Release|x86.ActiveCfg = Release|Windows Phone
		{C2A86C36-A404-478D-BC45-209D37A249F0}.Release|Xbox 360.ActiveCfg = Release|Windows Phone
		{C2A86C36-A404-478D-BC45-209D37A249F0}.Release|Zune.ActiveCfg = Release|Windows Phone
		{4636C7E1-B845-4B83-B96D-64A11B8A4515}.Debug|Any CPU.ActiveCfg = Debug|x86
		{4636C7E1-B845-4B83-B96D-64A11B8A4515}.Debug|Mixed Platforms.ActiveCfg = Debug|x86
		{4636C7E1-B845-4B83-B96D-64A11B8A4515}.Debug|Mixed Platforms.Build.0 = Debug|x86
		{4636C7E1-B845-4B83-B96D-64A11B8A4515}.Debug|Windows Phone.ActiveCfg = Debug|x86
		{4636C7E1-B845-4B83-B96D-64A11B8A4515}.Debug|x86.ActiveCfg = Debug|x86
		{4636C7E1-B845-4B83-B96D-64A11B8A4515}.Debug|x86.Build.0 = Debug|x86
		{4636C7E1-B845-4B83-B96D-64A11B8A4515}.Debug|Xbox 360.ActiveCfg = Debug|x86
		{4636C7E1-B845-4B83-B96D-64A11B8A4515}.Debug|Xbox 360.Build.0 = Debug|x86
		{4636C7E1-B845-4B83-B96D-64A11B8A4515}.Debug|Zune.ActiveCfg = Debug|x86
		{4636C7E1-B845-4B83-B96D-64A11B8A4515}.Debug|Zune.Build.0 = Debug|x86
		{4636C7E1-B845-4B83-B96D-64A11B8A4515}.Release|Any CPU.ActiveCfg = Debug|x86
		{4636C7E1-B845-4B83-B96D-64A11B8A4515}.Release|Mixed Platforms.ActiveCfg = Debug|x86
		{4636C7E1-B845-4B83-B96D-64A11B8A4515}.Release|Mixed Platforms.Build.0 = Debug|x86
		{4636C7E1-B845-4B83-B96D-64A11B8A4515}.Release|Windows Phone.ActiveCfg = Debug|x86
		{4636C7E1-B845-4B83-B96D-64A11B8A4515}.Release|Windows Phone.Build.0 = Debug|x86
		{4636C7E1-B845-4B83-B96D-64A11B8A4515}.Release|x86.ActiveCfg = Debug|x86
		{4636C7E1-B845-4B83-B96D-64A11B8A4515}.Release|x86.Build.0 = Debug|x86
		{4636C7E1-B845-4B83-B96D-64A11B8A4515}.Release|Xbox 360.ActiveCfg = Debug|x86
		{4636C7E1-B845-4B83-B96D-64A11B8A4515}.Release|Xbox 360.Build.0 = Debug|x86
		{4636C7E1-B845-4B83-B96D-64A11B8A4515}.Release|Zune.ActiveCfg = Debug|x86
		{4636C7E1-B845-4B83-B96D-64A11B8A4515}.Release|Zune.Build.0 = Debug|x86
		{4C58C1EE-5091-42D3-A9DF-F274A942D800}.Debug|Any CPU.ActiveCfg = Debug|Any CPU
		{4C58C1EE-5091-42D3-A9DF-F274A942D800}.Debug|Mixed Platforms.ActiveCfg = Debug|Any CPU
		{4C58C1EE-5091-42D3-A9DF-F274A942D800}.Debug|Windows Phone.ActiveCfg = Debug|Any CPU
		{4C58C1EE-5091-42D3-A9DF-F274A942D800}.Debug|x86.ActiveCfg = Debug|Any CPU
		{4C58C1EE-5091-42D3-A9DF-F274A942D800}.Debug|Xbox 360.ActiveCfg = Debug|Any CPU
		{4C58C1EE-5091-42D3-A9DF-F274A942D800}.Debug|Zune.ActiveCfg = Debug|Any CPU
		{4C58C1EE-5091-42D3-A9DF-F274A942D800}.Release|Any CPU.ActiveCfg = Debug|Any CPU
		{4C58C1EE-5091-42D3-A9DF-F274A942D800}.Release|Mixed Platforms.ActiveCfg = Debug|Any CPU
		{4C58C1EE-5091-42D3-A9DF-F274A942D800}.Release|Windows Phone.ActiveCfg = Debug|Any CPU
		{4C58C1EE-5091-42D3-A9DF-F274A942D800}.Release|x86.ActiveCfg = Debug|Any CPU
		{4C58C1EE-5091-42D3-A9DF-F274A942D800}.Release|Xbox 360.ActiveCfg = Debug|Any CPU
		{4C58C1EE-5091-42D3-A9DF-F274A942D800}.Release|Zune.ActiveCfg = Debug|Any CPU
		{A02BD389-79AE-4975-9A5E-DEDC66B8A0CB}.Debug|Any CPU.ActiveCfg = Debug|x86
		{A02BD389-79AE-4975-9A5E-DEDC66B8A0CB}.Debug|Mixed Platforms.ActiveCfg = Debug|x86
		{A02BD389-79AE-4975-9A5E-DEDC66B8A0CB}.Debug|Mixed Platforms.Build.0 = Debug|x86
		{A02BD389-79AE-4975-9A5E-DEDC66B8A0CB}.Debug|Windows Phone.ActiveCfg = Debug|x86
		{A02BD389-79AE-4975-9A5E-DEDC66B8A0CB}.Debug|x86.ActiveCfg = Debug|x86
		{A02BD389-79AE-4975-9A5E-DEDC66B8A0CB}.Debug|x86.Build.0 = Debug|x86
		{A02BD389-79AE-4975-9A5E-DEDC66B8A0CB}.Debug|Xbox 360.ActiveCfg = Debug|x86
		{A02BD389-79AE-4975-9A5E-DEDC66B8A0CB}.Debug|Zune.ActiveCfg = Debug|x86
		{A02BD389-79AE-4975-9A5E-DEDC66B8A0CB}.Release|Any CPU.ActiveCfg = Release|x86
		{A02BD389-79AE-4975-9A5E-DEDC66B8A0CB}.Release|Mixed Platforms.ActiveCfg = Release|x86
		{A02BD389-79AE-4975-9A5E-DEDC66B8A0CB}.Release|Mixed Platforms.Build.0 = Release|x86
		{A02BD389-79AE-4975-9A5E-DEDC66B8A0CB}.Release|Windows Phone.ActiveCfg = Release|x86
		{A02BD389-79AE-4975-9A5E-DEDC66B8A0CB}.Release|x86.ActiveCfg = Release|x86
		{A02BD389-79AE-4975-9A5E-DEDC66B8A0CB}.Release|x86.Build.0 = Release|x86
		{A02BD389-79AE-4975-9A5E-DEDC66B8A0CB}.Release|Xbox 360.ActiveCfg = Release|x86
		{A02BD389-79AE-4975-9A5E-DEDC66B8A0CB}.Release|Zune.ActiveCfg = Release|x86
		{3EF6CEED-AFCF-449D-BD9D-7A9B08A44C9A}.Debug|Any CPU.ActiveCfg = Debug|Any CPU
		{3EF6CEED-AFCF-449D-BD9D-7A9B08A44C9A}.Debug|Any CPU.Build.0 = Debug|Any CPU
		{3EF6CEED-AFCF-449D-BD9D-7A9B08A44C9A}.Debug|Mixed Platforms.ActiveCfg = Debug|Any CPU
		{3EF6CEED-AFCF-449D-BD9D-7A9B08A44C9A}.Debug|Mixed Platforms.Build.0 = Debug|Any CPU
		{3EF6CEED-AFCF-449D-BD9D-7A9B08A44C9A}.Debug|Windows Phone.ActiveCfg = Debug|Any CPU
		{3EF6CEED-AFCF-449D-BD9D-7A9B08A44C9A}.Debug|x86.ActiveCfg = Debug|Any CPU
		{3EF6CEED-AFCF-449D-BD9D-7A9B08A44C9A}.Debug|Xbox 360.ActiveCfg = Debug|Any CPU
		{3EF6CEED-AFCF-449D-BD9D-7A9B08A44C9A}.Debug|Zune.ActiveCfg = Debug|Any CPU
		{3EF6CEED-AFCF-449D-BD9D-7A9B08A44C9A}.Release|Any CPU.ActiveCfg = Release|Any CPU
		{3EF6CEED-AFCF-449D-BD9D-7A9B08A44C9A}.Release|Any CPU.Build.0 = Release|Any CPU
		{3EF6CEED-AFCF-449D-BD9D-7A9B08A44C9A}.Release|Mixed Platforms.ActiveCfg = Release|Any CPU
		{3EF6CEED-AFCF-449D-BD9D-7A9B08A44C9A}.Release|Mixed Platforms.Build.0 = Release|Any CPU
		{3EF6CEED-AFCF-449D-BD9D-7A9B08A44C9A}.Release|Windows Phone.ActiveCfg = Release|Any CPU
		{3EF6CEED-AFCF-449D-BD9D-7A9B08A44C9A}.Release|x86.ActiveCfg = Release|Any CPU
		{3EF6CEED-AFCF-449D-BD9D-7A9B08A44C9A}.Release|Xbox 360.ActiveCfg = Release|Any CPU
		{3EF6CEED-AFCF-449D-BD9D-7A9B08A44C9A}.Release|Zune.ActiveCfg = Release|Any CPU
		{A1F641A6-432F-4764-BE17-A808700925E7}.Debug|Any CPU.ActiveCfg = Debug|Windows Phone
		{A1F641A6-432F-4764-BE17-A808700925E7}.Debug|Mixed Platforms.ActiveCfg = Debug|Windows Phone
		{A1F641A6-432F-4764-BE17-A808700925E7}.Debug|Mixed Platforms.Build.0 = Debug|Windows Phone
		{A1F641A6-432F-4764-BE17-A808700925E7}.Debug|Windows Phone.ActiveCfg = Debug|Windows Phone
		{A1F641A6-432F-4764-BE17-A808700925E7}.Debug|Windows Phone.Build.0 = Debug|Windows Phone
		{A1F641A6-432F-4764-BE17-A808700925E7}.Debug|Windows Phone.Deploy.0 = Debug|Windows Phone
		{A1F641A6-432F-4764-BE17-A808700925E7}.Debug|x86.ActiveCfg = Debug|Windows Phone
		{A1F641A6-432F-4764-BE17-A808700925E7}.Debug|Xbox 360.ActiveCfg = Debug|Windows Phone
		{A1F641A6-432F-4764-BE17-A808700925E7}.Debug|Zune.ActiveCfg = Debug|Windows Phone
		{A1F641A6-432F-4764-BE17-A808700925E7}.Release|Any CPU.ActiveCfg = Release|Windows Phone
		{A1F641A6-432F-4764-BE17-A808700925E7}.Release|Mixed Platforms.ActiveCfg = Release|Windows Phone
		{A1F641A6-432F-4764-BE17-A808700925E7}.Release|Mixed Platforms.Build.0 = Release|Windows Phone
		{A1F641A6-432F-4764-BE17-A808700925E7}.Release|Windows Phone.ActiveCfg = Release|Windows Phone
		{A1F641A6-432F-4764-BE17-A808700925E7}.Release|Windows Phone.Build.0 = Release|Windows Phone
		{A1F641A6-432F-4764-BE17-A808700925E7}.Release|x86.ActiveCfg = Release|Windows Phone
		{A1F641A6-432F-4764-BE17-A808700925E7}.Release|Xbox 360.ActiveCfg = Release|Windows Phone
		{A1F641A6-432F-4764-BE17-A808700925E7}.Release|Zune.ActiveCfg = Release|Windows Phone
		{C7620F77-0746-417F-B44F-C44527E0CE46}.Debug|Any CPU.ActiveCfg = Debug|x86
		{C7620F77-0746-417F-B44F-C44527E0CE46}.Debug|Mixed Platforms.ActiveCfg = Debug|x86
		{C7620F77-0746-417F-B44F-C44527E0CE46}.Debug|Mixed Platforms.Build.0 = Debug|x86
		{C7620F77-0746-417F-B44F-C44527E0CE46}.Debug|Windows Phone.ActiveCfg = Debug|x86
		{C7620F77-0746-417F-B44F-C44527E0CE46}.Debug|x86.ActiveCfg = Debug|x86
		{C7620F77-0746-417F-B44F-C44527E0CE46}.Debug|x86.Build.0 = Debug|x86
		{C7620F77-0746-417F-B44F-C44527E0CE46}.Debug|Xbox 360.ActiveCfg = Debug|x86
		{C7620F77-0746-417F-B44F-C44527E0CE46}.Debug|Zune.ActiveCfg = Debug|x86
		{C7620F77-0746-417F-B44F-C44527E0CE46}.Release|Any CPU.ActiveCfg = Release|x86
		{C7620F77-0746-417F-B44F-C44527E0CE46}.Release|Mixed Platforms.ActiveCfg = Release|x86
		{C7620F77-0746-417F-B44F-C44527E0CE46}.Release|Mixed Platforms.Build.0 = Release|x86
		{C7620F77-0746-417F-B44F-C44527E0CE46}.Release|Windows Phone.ActiveCfg = Release|x86
		{C7620F77-0746-417F-B44F-C44527E0CE46}.Release|x86.ActiveCfg = Release|x86
		{C7620F77-0746-417F-B44F-C44527E0CE46}.Release|x86.Build.0 = Release|x86
		{C7620F77-0746-417F-B44F-C44527E0CE46}.Release|Xbox 360.ActiveCfg = Release|x86
		{C7620F77-0746-417F-B44F-C44527E0CE46}.Release|Zune.ActiveCfg = Release|x86
		{8CBD500E-5C97-4C06-8D1F-C75362284BB5}.Debug|Any CPU.ActiveCfg = Debug|Windows Phone
		{8CBD500E-5C97-4C06-8D1F-C75362284BB5}.Debug|Mixed Platforms.ActiveCfg = Debug|Windows Phone
		{8CBD500E-5C97-4C06-8D1F-C75362284BB5}.Debug|Mixed Platforms.Build.0 = Debug|Windows Phone
		{8CBD500E-5C97-4C06-8D1F-C75362284BB5}.Debug|Windows Phone.ActiveCfg = Debug|Windows Phone
		{8CBD500E-5C97-4C06-8D1F-C75362284BB5}.Debug|Windows Phone.Build.0 = Debug|Windows Phone
		{8CBD500E-5C97-4C06-8D1F-C75362284BB5}.Debug|x86.ActiveCfg = Debug|Windows Phone
		{8CBD500E-5C97-4C06-8D1F-C75362284BB5}.Debug|Xbox 360.ActiveCfg = Debug|Windows Phone
		{8CBD500E-5C97-4C06-8D1F-C75362284BB5}.Debug|Zune.ActiveCfg = Debug|Windows Phone
		{8CBD500E-5C97-4C06-8D1F-C75362284BB5}.Release|Any CPU.ActiveCfg = Release|Windows Phone
		{8CBD500E-5C97-4C06-8D1F-C75362284BB5}.Release|Mixed Platforms.ActiveCfg = Release|Windows Phone
		{8CBD500E-5C97-4C06-8D1F-C75362284BB5}.Release|Mixed Platforms.Build.0 = Release|Windows Phone
		{8CBD500E-5C97-4C06-8D1F-C75362284BB5}.Release|Windows Phone.ActiveCfg = Release|Windows Phone
		{8CBD500E-5C97-4C06-8D1F-C75362284BB5}.Release|Windows Phone.Build.0 = Release|Windows Phone
		{8CBD500E-5C97-4C06-8D1F-C75362284BB5}.Release|x86.ActiveCfg = Release|Windows Phone
		{8CBD500E-5C97-4C06-8D1F-C75362284BB5}.Release|Xbox 360.ActiveCfg = Release|Windows Phone
		{8CBD500E-5C97-4C06-8D1F-C75362284BB5}.Release|Zune.ActiveCfg = Release|Windows Phone
		{2B962BD4-23CF-4151-8A3F-DF40C4BCC75D}.Debug|Any CPU.ActiveCfg = Debug|x86
		{2B962BD4-23CF-4151-8A3F-DF40C4BCC75D}.Debug|Mixed Platforms.ActiveCfg = Debug|x86
		{2B962BD4-23CF-4151-8A3F-DF40C4BCC75D}.Debug|Mixed Platforms.Build.0 = Debug|x86
		{2B962BD4-23CF-4151-8A3F-DF40C4BCC75D}.Debug|Windows Phone.ActiveCfg = Debug|x86
		{2B962BD4-23CF-4151-8A3F-DF40C4BCC75D}.Debug|x86.ActiveCfg = Debug|x86
		{2B962BD4-23CF-4151-8A3F-DF40C4BCC75D}.Debug|x86.Build.0 = Debug|x86
		{2B962BD4-23CF-4151-8A3F-DF40C4BCC75D}.Debug|Xbox 360.ActiveCfg = Debug|x86
		{2B962BD4-23CF-4151-8A3F-DF40C4BCC75D}.Debug|Zune.ActiveCfg = Debug|x86
		{2B962BD4-23CF-4151-8A3F-DF40C4BCC75D}.Release|Any CPU.ActiveCfg = Release|x86
		{2B962BD4-23CF-4151-8A3F-DF40C4BCC75D}.Release|Mixed Platforms.ActiveCfg = Release|x86
		{2B962BD4-23CF-4151-8A3F-DF40C4BCC75D}.Release|Mixed Platforms.Build.0 = Release|x86
		{2B962BD4-23CF-4151-8A3F-DF40C4BCC75D}.Release|Windows Phone.ActiveCfg = Release|x86
		{2B962BD4-23CF-4151-8A3F-DF40C4BCC75D}.Release|x86.ActiveCfg = Release|x86
		{2B962BD4-23CF-4151-8A3F-DF40C4BCC75D}.Release|x86.Build.0 = Release|x86
		{2B962BD4-23CF-4151-8A3F-DF40C4BCC75D}.Release|Xbox 360.ActiveCfg = Release|x86
		{2B962BD4-23CF-4151-8A3F-DF40C4BCC75D}.Release|Zune.ActiveCfg = Release|x86
	EndGlobalSection
	GlobalSection(SolutionProperties) = preSolution
		HideSolutionNode = FALSE
	EndGlobalSection
EndGlobal
