
Microsoft Visual Studio Solution File, Format Version 11.00
# Visual Studio 2010
Project("{FAE04EC0-301F-11D3-BF4B-00C04F79EFBC}") = "FFWD.Unity.Tests.Win", "FFWD.Unity.Tests\FFWD.Unity.Tests.Win.csproj", "{41857E28-0BB7-4308-9CCA-8DED87902DEB}"
EndProject
Project("{FAE04EC0-301F-11D3-BF4B-00C04F79EFBC}") = "FFWD.Unity.TestsContent", "FFWD.Unity.TestsContent\FFWD.Unity.TestsContent.contentproj", "{E5DFEFA2-635A-416B-957E-0AB2BC297BCB}"
EndProject
Project("{FAE04EC0-301F-11D3-BF4B-00C04F79EFBC}") = "FFWD.Unity.Tests.WP7", "FFWD.Unity.Tests\FFWD.Unity.Tests.WP7.csproj", "{96C004B8-791E-4372-A6FD-5EEF53CE9278}"
EndProject
Project("{FAE04EC0-301F-11D3-BF4B-00C04F79EFBC}") = "FFWD.Unity.Tests.X360", "FFWD.Unity.Tests\FFWD.Unity.Tests.X360.csproj", "{41F2F85E-F5CE-42E9-B371-173DAC39D79A}"
EndProject
Project("{FAE04EC0-301F-11D3-BF4B-00C04F79EFBC}") = "PressPlay.FFWD", "..\..\Framework\PressPlay.FFWD\PressPlay.FFWD.csproj", "{A02BD389-79AE-4975-9A5E-DEDC66B8A0CB}"
EndProject
Project("{FAE04EC0-301F-11D3-BF4B-00C04F79EFBC}") = "PressPlay.FFWD.WP7", "..\..\Framework\PressPlay.FFWD\PressPlay.FFWD.WP7.csproj", "{2370CE44-C54A-4553-B0C1-5971DA50254A}"
EndProject
Project("{FAE04EC0-301F-11D3-BF4B-00C04F79EFBC}") = "PressPlay.FFWD.Import", "..\..\Framework\PressPlay.FFWD.Import\PressPlay.FFWD.Import.csproj", "{2B962BD4-23CF-4151-8A3F-DF40C4BCC75D}"
EndProject
Project("{FAE04EC0-301F-11D3-BF4B-00C04F79EFBC}") = "FFWD.Unity.Tests.Scripts", "FFWD.Unity.Tests.Scripts\FFWD.Unity.Tests.Scripts.csproj", "{FC08EA5C-C1E1-4F96-ACF2-581859E8CD09}"
EndProject
Project("{FAE04EC0-301F-11D3-BF4B-00C04F79EFBC}") = "FFWD.Unity.Tests.Scripts.WP7", "FFWD.Unity.Tests.Scripts\FFWD.Unity.Tests.Scripts.WP7.csproj", "{6062F254-F991-49B4-953B-D5867416C1E6}"
EndProject
Project("{FAE04EC0-301F-11D3-BF4B-00C04F79EFBC}") = "FFWD.Unity.Tests.Scripts.X360", "FFWD.Unity.Tests.Scripts\FFWD.Unity.Tests.Scripts.X360.csproj", "{1C8FE13D-BEAF-437C-908A-5AC780102B31}"
EndProject
Project("{FAE04EC0-301F-11D3-BF4B-00C04F79EFBC}") = "PipelineDebug", "PipelineDebug\PipelineDebug.csproj", "{63CBEA8E-F9AA-4FD9-AF08-4322A20491B4}"
EndProject
Global
	GlobalSection(SolutionConfigurationPlatforms) = preSolution
		Debug - component profiler|Mixed Platforms = Debug - component profiler|Mixed Platforms
		Debug - component profiler|Windows Phone = Debug - component profiler|Windows Phone
		Debug - component profiler|x86 = Debug - component profiler|x86
		Debug - component profiler|Xbox 360 = Debug - component profiler|Xbox 360
		Debug- component profiler|Mixed Platforms = Debug- component profiler|Mixed Platforms
		Debug- component profiler|Windows Phone = Debug- component profiler|Windows Phone
		Debug- component profiler|x86 = Debug- component profiler|x86
		Debug- component profiler|Xbox 360 = Debug- component profiler|Xbox 360
		Debug|Mixed Platforms = Debug|Mixed Platforms
		Debug|Windows Phone = Debug|Windows Phone
		Debug|x86 = Debug|x86
		Debug|Xbox 360 = Debug|Xbox 360
		DebugWithContent|Mixed Platforms = DebugWithContent|Mixed Platforms
		DebugWithContent|Windows Phone = DebugWithContent|Windows Phone
		DebugWithContent|x86 = DebugWithContent|x86
		DebugWithContent|Xbox 360 = DebugWithContent|Xbox 360
		PipelineDebug|Mixed Platforms = PipelineDebug|Mixed Platforms
		PipelineDebug|Windows Phone = PipelineDebug|Windows Phone
		PipelineDebug|x86 = PipelineDebug|x86
		PipelineDebug|Xbox 360 = PipelineDebug|Xbox 360
		Release all levels unlocked|Mixed Platforms = Release all levels unlocked|Mixed Platforms
		Release all levels unlocked|Windows Phone = Release all levels unlocked|Windows Phone
		Release all levels unlocked|x86 = Release all levels unlocked|x86
		Release all levels unlocked|Xbox 360 = Release all levels unlocked|Xbox 360
		Release|Mixed Platforms = Release|Mixed Platforms
		Release|Windows Phone = Release|Windows Phone
		Release|x86 = Release|x86
		Release|Xbox 360 = Release|Xbox 360
		Release-LOWDEF|Mixed Platforms = Release-LOWDEF|Mixed Platforms
		Release-LOWDEF|Windows Phone = Release-LOWDEF|Windows Phone
		Release-LOWDEF|x86 = Release-LOWDEF|x86
		Release-LOWDEF|Xbox 360 = Release-LOWDEF|Xbox 360
	EndGlobalSection
	GlobalSection(ProjectConfigurationPlatforms) = postSolution
		{41857E28-0BB7-4308-9CCA-8DED87902DEB}.Debug - component profiler|Mixed Platforms.ActiveCfg = Debug|x86
		{41857E28-0BB7-4308-9CCA-8DED87902DEB}.Debug - component profiler|Mixed Platforms.Build.0 = Debug|x86
		{41857E28-0BB7-4308-9CCA-8DED87902DEB}.Debug - component profiler|Windows Phone.ActiveCfg = Debug|x86
		{41857E28-0BB7-4308-9CCA-8DED87902DEB}.Debug - component profiler|x86.ActiveCfg = Debug|x86
		{41857E28-0BB7-4308-9CCA-8DED87902DEB}.Debug - component profiler|x86.Build.0 = Debug|x86
		{41857E28-0BB7-4308-9CCA-8DED87902DEB}.Debug - component profiler|Xbox 360.ActiveCfg = Debug|x86
		{41857E28-0BB7-4308-9CCA-8DED87902DEB}.Debug- component profiler|Mixed Platforms.ActiveCfg = Debug|x86
		{41857E28-0BB7-4308-9CCA-8DED87902DEB}.Debug- component profiler|Mixed Platforms.Build.0 = Debug|x86
		{41857E28-0BB7-4308-9CCA-8DED87902DEB}.Debug- component profiler|Windows Phone.ActiveCfg = Debug|x86
		{41857E28-0BB7-4308-9CCA-8DED87902DEB}.Debug- component profiler|x86.ActiveCfg = Debug|x86
		{41857E28-0BB7-4308-9CCA-8DED87902DEB}.Debug- component profiler|x86.Build.0 = Debug|x86
		{41857E28-0BB7-4308-9CCA-8DED87902DEB}.Debug- component profiler|Xbox 360.ActiveCfg = Debug|x86
		{41857E28-0BB7-4308-9CCA-8DED87902DEB}.Debug|Mixed Platforms.ActiveCfg = Debug|x86
		{41857E28-0BB7-4308-9CCA-8DED87902DEB}.Debug|Mixed Platforms.Build.0 = Debug|x86
		{41857E28-0BB7-4308-9CCA-8DED87902DEB}.Debug|Windows Phone.ActiveCfg = Debug|x86
		{41857E28-0BB7-4308-9CCA-8DED87902DEB}.Debug|Windows Phone.Build.0 = Debug|x86
		{41857E28-0BB7-4308-9CCA-8DED87902DEB}.Debug|x86.ActiveCfg = Debug|x86
		{41857E28-0BB7-4308-9CCA-8DED87902DEB}.Debug|x86.Build.0 = Debug|x86
		{41857E28-0BB7-4308-9CCA-8DED87902DEB}.Debug|Xbox 360.ActiveCfg = Debug|x86
		{41857E28-0BB7-4308-9CCA-8DED87902DEB}.Debug|Xbox 360.Build.0 = Debug|x86
		{41857E28-0BB7-4308-9CCA-8DED87902DEB}.DebugWithContent|Mixed Platforms.ActiveCfg = Debug|x86
		{41857E28-0BB7-4308-9CCA-8DED87902DEB}.DebugWithContent|Mixed Platforms.Build.0 = Debug|x86
		{41857E28-0BB7-4308-9CCA-8DED87902DEB}.DebugWithContent|Windows Phone.ActiveCfg = Debug|x86
		{41857E28-0BB7-4308-9CCA-8DED87902DEB}.DebugWithContent|x86.ActiveCfg = Debug|x86
		{41857E28-0BB7-4308-9CCA-8DED87902DEB}.DebugWithContent|x86.Build.0 = Debug|x86
		{41857E28-0BB7-4308-9CCA-8DED87902DEB}.DebugWithContent|Xbox 360.ActiveCfg = Debug|x86
		{41857E28-0BB7-4308-9CCA-8DED87902DEB}.PipelineDebug|Mixed Platforms.ActiveCfg = Debug|x86
		{41857E28-0BB7-4308-9CCA-8DED87902DEB}.PipelineDebug|Mixed Platforms.Build.0 = Debug|x86
		{41857E28-0BB7-4308-9CCA-8DED87902DEB}.PipelineDebug|Windows Phone.ActiveCfg = Debug|x86
		{41857E28-0BB7-4308-9CCA-8DED87902DEB}.PipelineDebug|x86.ActiveCfg = Debug|x86
		{41857E28-0BB7-4308-9CCA-8DED87902DEB}.PipelineDebug|Xbox 360.ActiveCfg = Debug|x86
		{41857E28-0BB7-4308-9CCA-8DED87902DEB}.Release all levels unlocked|Mixed Platforms.ActiveCfg = Release|x86
		{41857E28-0BB7-4308-9CCA-8DED87902DEB}.Release all levels unlocked|Mixed Platforms.Build.0 = Release|x86
		{41857E28-0BB7-4308-9CCA-8DED87902DEB}.Release all levels unlocked|Windows Phone.ActiveCfg = Release|x86
		{41857E28-0BB7-4308-9CCA-8DED87902DEB}.Release all levels unlocked|x86.ActiveCfg = Release|x86
		{41857E28-0BB7-4308-9CCA-8DED87902DEB}.Release all levels unlocked|x86.Build.0 = Release|x86
		{41857E28-0BB7-4308-9CCA-8DED87902DEB}.Release all levels unlocked|Xbox 360.ActiveCfg = Release|x86
		{41857E28-0BB7-4308-9CCA-8DED87902DEB}.Release|Mixed Platforms.ActiveCfg = Release|x86
		{41857E28-0BB7-4308-9CCA-8DED87902DEB}.Release|Mixed Platforms.Build.0 = Release|x86
		{41857E28-0BB7-4308-9CCA-8DED87902DEB}.Release|Windows Phone.ActiveCfg = Release|x86
		{41857E28-0BB7-4308-9CCA-8DED87902DEB}.Release|Windows Phone.Build.0 = Release|x86
		{41857E28-0BB7-4308-9CCA-8DED87902DEB}.Release|x86.ActiveCfg = Release|x86
		{41857E28-0BB7-4308-9CCA-8DED87902DEB}.Release|x86.Build.0 = Release|x86
		{41857E28-0BB7-4308-9CCA-8DED87902DEB}.Release|Xbox 360.ActiveCfg = Release|x86
		{41857E28-0BB7-4308-9CCA-8DED87902DEB}.Release|Xbox 360.Build.0 = Release|x86
		{41857E28-0BB7-4308-9CCA-8DED87902DEB}.Release-LOWDEF|Mixed Platforms.ActiveCfg = Release|x86
		{41857E28-0BB7-4308-9CCA-8DED87902DEB}.Release-LOWDEF|Mixed Platforms.Build.0 = Release|x86
		{41857E28-0BB7-4308-9CCA-8DED87902DEB}.Release-LOWDEF|Windows Phone.ActiveCfg = Release|x86
		{41857E28-0BB7-4308-9CCA-8DED87902DEB}.Release-LOWDEF|x86.ActiveCfg = Release|x86
		{41857E28-0BB7-4308-9CCA-8DED87902DEB}.Release-LOWDEF|x86.Build.0 = Release|x86
		{41857E28-0BB7-4308-9CCA-8DED87902DEB}.Release-LOWDEF|Xbox 360.ActiveCfg = Release|x86
		{E5DFEFA2-635A-416B-957E-0AB2BC297BCB}.Debug - component profiler|Mixed Platforms.ActiveCfg = Debug|x86
		{E5DFEFA2-635A-416B-957E-0AB2BC297BCB}.Debug - component profiler|Windows Phone.ActiveCfg = Debug|x86
		{E5DFEFA2-635A-416B-957E-0AB2BC297BCB}.Debug - component profiler|x86.ActiveCfg = Debug|x86
		{E5DFEFA2-635A-416B-957E-0AB2BC297BCB}.Debug - component profiler|Xbox 360.ActiveCfg = Debug|x86
		{E5DFEFA2-635A-416B-957E-0AB2BC297BCB}.Debug- component profiler|Mixed Platforms.ActiveCfg = Debug|x86
		{E5DFEFA2-635A-416B-957E-0AB2BC297BCB}.Debug- component profiler|Windows Phone.ActiveCfg = Debug|x86
		{E5DFEFA2-635A-416B-957E-0AB2BC297BCB}.Debug- component profiler|x86.ActiveCfg = Debug|x86
		{E5DFEFA2-635A-416B-957E-0AB2BC297BCB}.Debug- component profiler|Xbox 360.ActiveCfg = Debug|x86
		{E5DFEFA2-635A-416B-957E-0AB2BC297BCB}.Debug|Mixed Platforms.ActiveCfg = Debug|x86
		{E5DFEFA2-635A-416B-957E-0AB2BC297BCB}.Debug|Windows Phone.ActiveCfg = Debug|x86
		{E5DFEFA2-635A-416B-957E-0AB2BC297BCB}.Debug|x86.ActiveCfg = Debug|x86
		{E5DFEFA2-635A-416B-957E-0AB2BC297BCB}.Debug|Xbox 360.ActiveCfg = Debug|x86
		{E5DFEFA2-635A-416B-957E-0AB2BC297BCB}.DebugWithContent|Mixed Platforms.ActiveCfg = Debug|x86
		{E5DFEFA2-635A-416B-957E-0AB2BC297BCB}.DebugWithContent|Windows Phone.ActiveCfg = Debug|x86
		{E5DFEFA2-635A-416B-957E-0AB2BC297BCB}.DebugWithContent|x86.ActiveCfg = Debug|x86
		{E5DFEFA2-635A-416B-957E-0AB2BC297BCB}.DebugWithContent|Xbox 360.ActiveCfg = Debug|x86
		{E5DFEFA2-635A-416B-957E-0AB2BC297BCB}.PipelineDebug|Mixed Platforms.ActiveCfg = Debug|x86
		{E5DFEFA2-635A-416B-957E-0AB2BC297BCB}.PipelineDebug|Windows Phone.ActiveCfg = Debug|x86
		{E5DFEFA2-635A-416B-957E-0AB2BC297BCB}.PipelineDebug|x86.ActiveCfg = Debug|x86
		{E5DFEFA2-635A-416B-957E-0AB2BC297BCB}.PipelineDebug|Xbox 360.ActiveCfg = Debug|x86
		{E5DFEFA2-635A-416B-957E-0AB2BC297BCB}.Release all levels unlocked|Mixed Platforms.ActiveCfg = Release|x86
		{E5DFEFA2-635A-416B-957E-0AB2BC297BCB}.Release all levels unlocked|Windows Phone.ActiveCfg = Release|x86
		{E5DFEFA2-635A-416B-957E-0AB2BC297BCB}.Release all levels unlocked|x86.ActiveCfg = Release|x86
		{E5DFEFA2-635A-416B-957E-0AB2BC297BCB}.Release all levels unlocked|Xbox 360.ActiveCfg = Release|x86
		{E5DFEFA2-635A-416B-957E-0AB2BC297BCB}.Release|Mixed Platforms.ActiveCfg = Release|x86
		{E5DFEFA2-635A-416B-957E-0AB2BC297BCB}.Release|Windows Phone.ActiveCfg = Release|x86
		{E5DFEFA2-635A-416B-957E-0AB2BC297BCB}.Release|x86.ActiveCfg = Release|x86
		{E5DFEFA2-635A-416B-957E-0AB2BC297BCB}.Release|Xbox 360.ActiveCfg = Release|x86
		{E5DFEFA2-635A-416B-957E-0AB2BC297BCB}.Release-LOWDEF|Mixed Platforms.ActiveCfg = Release|x86
		{E5DFEFA2-635A-416B-957E-0AB2BC297BCB}.Release-LOWDEF|Windows Phone.ActiveCfg = Release|x86
		{E5DFEFA2-635A-416B-957E-0AB2BC297BCB}.Release-LOWDEF|x86.ActiveCfg = Release|x86
		{E5DFEFA2-635A-416B-957E-0AB2BC297BCB}.Release-LOWDEF|Xbox 360.ActiveCfg = Release|x86
		{96C004B8-791E-4372-A6FD-5EEF53CE9278}.Debug - component profiler|Mixed Platforms.ActiveCfg = Debug|Windows Phone
		{96C004B8-791E-4372-A6FD-5EEF53CE9278}.Debug - component profiler|Mixed Platforms.Build.0 = Debug|Windows Phone
		{96C004B8-791E-4372-A6FD-5EEF53CE9278}.Debug - component profiler|Mixed Platforms.Deploy.0 = Debug|Windows Phone
		{96C004B8-791E-4372-A6FD-5EEF53CE9278}.Debug - component profiler|Windows Phone.ActiveCfg = Debug|Windows Phone
		{96C004B8-791E-4372-A6FD-5EEF53CE9278}.Debug - component profiler|Windows Phone.Build.0 = Debug|Windows Phone
		{96C004B8-791E-4372-A6FD-5EEF53CE9278}.Debug - component profiler|Windows Phone.Deploy.0 = Debug|Windows Phone
		{96C004B8-791E-4372-A6FD-5EEF53CE9278}.Debug - component profiler|x86.ActiveCfg = Debug|Windows Phone
		{96C004B8-791E-4372-A6FD-5EEF53CE9278}.Debug - component profiler|Xbox 360.ActiveCfg = Debug|Windows Phone
		{96C004B8-791E-4372-A6FD-5EEF53CE9278}.Debug- component profiler|Mixed Platforms.ActiveCfg = Debug|Windows Phone
		{96C004B8-791E-4372-A6FD-5EEF53CE9278}.Debug- component profiler|Mixed Platforms.Build.0 = Debug|Windows Phone
		{96C004B8-791E-4372-A6FD-5EEF53CE9278}.Debug- component profiler|Mixed Platforms.Deploy.0 = Debug|Windows Phone
		{96C004B8-791E-4372-A6FD-5EEF53CE9278}.Debug- component profiler|Windows Phone.ActiveCfg = Debug|Windows Phone
		{96C004B8-791E-4372-A6FD-5EEF53CE9278}.Debug- component profiler|Windows Phone.Build.0 = Debug|Windows Phone
		{96C004B8-791E-4372-A6FD-5EEF53CE9278}.Debug- component profiler|Windows Phone.Deploy.0 = Debug|Windows Phone
		{96C004B8-791E-4372-A6FD-5EEF53CE9278}.Debug- component profiler|x86.ActiveCfg = Debug|Windows Phone
		{96C004B8-791E-4372-A6FD-5EEF53CE9278}.Debug- component profiler|Xbox 360.ActiveCfg = Debug|Windows Phone
		{96C004B8-791E-4372-A6FD-5EEF53CE9278}.Debug|Mixed Platforms.ActiveCfg = Debug|Windows Phone
		{96C004B8-791E-4372-A6FD-5EEF53CE9278}.Debug|Mixed Platforms.Build.0 = Debug|Windows Phone
		{96C004B8-791E-4372-A6FD-5EEF53CE9278}.Debug|Mixed Platforms.Deploy.0 = Debug|Windows Phone
		{96C004B8-791E-4372-A6FD-5EEF53CE9278}.Debug|Windows Phone.ActiveCfg = Debug|Windows Phone
		{96C004B8-791E-4372-A6FD-5EEF53CE9278}.Debug|Windows Phone.Build.0 = Debug|Windows Phone
		{96C004B8-791E-4372-A6FD-5EEF53CE9278}.Debug|Windows Phone.Deploy.0 = Debug|Windows Phone
		{96C004B8-791E-4372-A6FD-5EEF53CE9278}.Debug|x86.ActiveCfg = Debug|Windows Phone
		{96C004B8-791E-4372-A6FD-5EEF53CE9278}.Debug|Xbox 360.ActiveCfg = Debug|Windows Phone
		{96C004B8-791E-4372-A6FD-5EEF53CE9278}.Debug|Xbox 360.Build.0 = Debug|Windows Phone
		{96C004B8-791E-4372-A6FD-5EEF53CE9278}.DebugWithContent|Mixed Platforms.ActiveCfg = Debug|Windows Phone
		{96C004B8-791E-4372-A6FD-5EEF53CE9278}.DebugWithContent|Mixed Platforms.Build.0 = Debug|Windows Phone
		{96C004B8-791E-4372-A6FD-5EEF53CE9278}.DebugWithContent|Mixed Platforms.Deploy.0 = Debug|Windows Phone
		{96C004B8-791E-4372-A6FD-5EEF53CE9278}.DebugWithContent|Windows Phone.ActiveCfg = Debug|Windows Phone
		{96C004B8-791E-4372-A6FD-5EEF53CE9278}.DebugWithContent|Windows Phone.Build.0 = Debug|Windows Phone
		{96C004B8-791E-4372-A6FD-5EEF53CE9278}.DebugWithContent|Windows Phone.Deploy.0 = Debug|Windows Phone
		{96C004B8-791E-4372-A6FD-5EEF53CE9278}.DebugWithContent|x86.ActiveCfg = Debug|Windows Phone
		{96C004B8-791E-4372-A6FD-5EEF53CE9278}.DebugWithContent|Xbox 360.ActiveCfg = Debug|Windows Phone
		{96C004B8-791E-4372-A6FD-5EEF53CE9278}.PipelineDebug|Mixed Platforms.ActiveCfg = Debug|Windows Phone
		{96C004B8-791E-4372-A6FD-5EEF53CE9278}.PipelineDebug|Mixed Platforms.Build.0 = Debug|Windows Phone
		{96C004B8-791E-4372-A6FD-5EEF53CE9278}.PipelineDebug|Mixed Platforms.Deploy.0 = Debug|Windows Phone
		{96C004B8-791E-4372-A6FD-5EEF53CE9278}.PipelineDebug|Windows Phone.ActiveCfg = Debug|Windows Phone
		{96C004B8-791E-4372-A6FD-5EEF53CE9278}.PipelineDebug|Windows Phone.Build.0 = Debug|Windows Phone
		{96C004B8-791E-4372-A6FD-5EEF53CE9278}.PipelineDebug|Windows Phone.Deploy.0 = Debug|Windows Phone
		{96C004B8-791E-4372-A6FD-5EEF53CE9278}.PipelineDebug|x86.ActiveCfg = Debug|Windows Phone
		{96C004B8-791E-4372-A6FD-5EEF53CE9278}.PipelineDebug|Xbox 360.ActiveCfg = Debug|Windows Phone
		{96C004B8-791E-4372-A6FD-5EEF53CE9278}.Release all levels unlocked|Mixed Platforms.ActiveCfg = Release|Windows Phone
		{96C004B8-791E-4372-A6FD-5EEF53CE9278}.Release all levels unlocked|Mixed Platforms.Build.0 = Release|Windows Phone
		{96C004B8-791E-4372-A6FD-5EEF53CE9278}.Release all levels unlocked|Mixed Platforms.Deploy.0 = Release|Windows Phone
		{96C004B8-791E-4372-A6FD-5EEF53CE9278}.Release all levels unlocked|Windows Phone.ActiveCfg = Release|Windows Phone
		{96C004B8-791E-4372-A6FD-5EEF53CE9278}.Release all levels unlocked|Windows Phone.Build.0 = Release|Windows Phone
		{96C004B8-791E-4372-A6FD-5EEF53CE9278}.Release all levels unlocked|Windows Phone.Deploy.0 = Release|Windows Phone
		{96C004B8-791E-4372-A6FD-5EEF53CE9278}.Release all levels unlocked|x86.ActiveCfg = Release|Windows Phone
		{96C004B8-791E-4372-A6FD-5EEF53CE9278}.Release all levels unlocked|Xbox 360.ActiveCfg = Release|Windows Phone
		{96C004B8-791E-4372-A6FD-5EEF53CE9278}.Release|Mixed Platforms.ActiveCfg = Release|Windows Phone
		{96C004B8-791E-4372-A6FD-5EEF53CE9278}.Release|Mixed Platforms.Build.0 = Release|Windows Phone
		{96C004B8-791E-4372-A6FD-5EEF53CE9278}.Release|Mixed Platforms.Deploy.0 = Release|Windows Phone
		{96C004B8-791E-4372-A6FD-5EEF53CE9278}.Release|Windows Phone.ActiveCfg = Release|Windows Phone
		{96C004B8-791E-4372-A6FD-5EEF53CE9278}.Release|Windows Phone.Build.0 = Release|Windows Phone
		{96C004B8-791E-4372-A6FD-5EEF53CE9278}.Release|Windows Phone.Deploy.0 = Release|Windows Phone
		{96C004B8-791E-4372-A6FD-5EEF53CE9278}.Release|x86.ActiveCfg = Release|Windows Phone
		{96C004B8-791E-4372-A6FD-5EEF53CE9278}.Release|Xbox 360.ActiveCfg = Release|Windows Phone
		{96C004B8-791E-4372-A6FD-5EEF53CE9278}.Release|Xbox 360.Build.0 = Release|Windows Phone
		{96C004B8-791E-4372-A6FD-5EEF53CE9278}.Release-LOWDEF|Mixed Platforms.ActiveCfg = Release|Windows Phone
		{96C004B8-791E-4372-A6FD-5EEF53CE9278}.Release-LOWDEF|Mixed Platforms.Build.0 = Release|Windows Phone
		{96C004B8-791E-4372-A6FD-5EEF53CE9278}.Release-LOWDEF|Mixed Platforms.Deploy.0 = Release|Windows Phone
		{96C004B8-791E-4372-A6FD-5EEF53CE9278}.Release-LOWDEF|Windows Phone.ActiveCfg = Release|Windows Phone
		{96C004B8-791E-4372-A6FD-5EEF53CE9278}.Release-LOWDEF|Windows Phone.Build.0 = Release|Windows Phone
		{96C004B8-791E-4372-A6FD-5EEF53CE9278}.Release-LOWDEF|Windows Phone.Deploy.0 = Release|Windows Phone
		{96C004B8-791E-4372-A6FD-5EEF53CE9278}.Release-LOWDEF|x86.ActiveCfg = Release|Windows Phone
		{96C004B8-791E-4372-A6FD-5EEF53CE9278}.Release-LOWDEF|Xbox 360.ActiveCfg = Release|Windows Phone
		{41F2F85E-F5CE-42E9-B371-173DAC39D79A}.Debug - component profiler|Mixed Platforms.ActiveCfg = Debug|Xbox 360
		{41F2F85E-F5CE-42E9-B371-173DAC39D79A}.Debug - component profiler|Mixed Platforms.Build.0 = Debug|Xbox 360
		{41F2F85E-F5CE-42E9-B371-173DAC39D79A}.Debug - component profiler|Mixed Platforms.Deploy.0 = Debug|Xbox 360
		{41F2F85E-F5CE-42E9-B371-173DAC39D79A}.Debug - component profiler|Windows Phone.ActiveCfg = Debug|Xbox 360
		{41F2F85E-F5CE-42E9-B371-173DAC39D79A}.Debug - component profiler|x86.ActiveCfg = Debug|Xbox 360
		{41F2F85E-F5CE-42E9-B371-173DAC39D79A}.Debug - component profiler|Xbox 360.ActiveCfg = Debug|Xbox 360
		{41F2F85E-F5CE-42E9-B371-173DAC39D79A}.Debug - component profiler|Xbox 360.Build.0 = Debug|Xbox 360
		{41F2F85E-F5CE-42E9-B371-173DAC39D79A}.Debug - component profiler|Xbox 360.Deploy.0 = Debug|Xbox 360
		{41F2F85E-F5CE-42E9-B371-173DAC39D79A}.Debug- component profiler|Mixed Platforms.ActiveCfg = Debug|Xbox 360
		{41F2F85E-F5CE-42E9-B371-173DAC39D79A}.Debug- component profiler|Mixed Platforms.Build.0 = Debug|Xbox 360
		{41F2F85E-F5CE-42E9-B371-173DAC39D79A}.Debug- component profiler|Mixed Platforms.Deploy.0 = Debug|Xbox 360
		{41F2F85E-F5CE-42E9-B371-173DAC39D79A}.Debug- component profiler|Windows Phone.ActiveCfg = Debug|Xbox 360
		{41F2F85E-F5CE-42E9-B371-173DAC39D79A}.Debug- component profiler|x86.ActiveCfg = Debug|Xbox 360
		{41F2F85E-F5CE-42E9-B371-173DAC39D79A}.Debug- component profiler|Xbox 360.ActiveCfg = Debug|Xbox 360
		{41F2F85E-F5CE-42E9-B371-173DAC39D79A}.Debug- component profiler|Xbox 360.Build.0 = Debug|Xbox 360
		{41F2F85E-F5CE-42E9-B371-173DAC39D79A}.Debug- component profiler|Xbox 360.Deploy.0 = Debug|Xbox 360
		{41F2F85E-F5CE-42E9-B371-173DAC39D79A}.Debug|Mixed Platforms.ActiveCfg = Debug|Xbox 360
		{41F2F85E-F5CE-42E9-B371-173DAC39D79A}.Debug|Mixed Platforms.Build.0 = Debug|Xbox 360
		{41F2F85E-F5CE-42E9-B371-173DAC39D79A}.Debug|Mixed Platforms.Deploy.0 = Debug|Xbox 360
		{41F2F85E-F5CE-42E9-B371-173DAC39D79A}.Debug|Windows Phone.ActiveCfg = Debug|Xbox 360
		{41F2F85E-F5CE-42E9-B371-173DAC39D79A}.Debug|x86.ActiveCfg = Debug|Xbox 360
		{41F2F85E-F5CE-42E9-B371-173DAC39D79A}.Debug|Xbox 360.ActiveCfg = Debug|Xbox 360
		{41F2F85E-F5CE-42E9-B371-173DAC39D79A}.Debug|Xbox 360.Build.0 = Debug|Xbox 360
		{41F2F85E-F5CE-42E9-B371-173DAC39D79A}.Debug|Xbox 360.Deploy.0 = Debug|Xbox 360
		{41F2F85E-F5CE-42E9-B371-173DAC39D79A}.DebugWithContent|Mixed Platforms.ActiveCfg = Debug|Xbox 360
		{41F2F85E-F5CE-42E9-B371-173DAC39D79A}.DebugWithContent|Mixed Platforms.Build.0 = Debug|Xbox 360
		{41F2F85E-F5CE-42E9-B371-173DAC39D79A}.DebugWithContent|Mixed Platforms.Deploy.0 = Debug|Xbox 360
		{41F2F85E-F5CE-42E9-B371-173DAC39D79A}.DebugWithContent|Windows Phone.ActiveCfg = Debug|Xbox 360
		{41F2F85E-F5CE-42E9-B371-173DAC39D79A}.DebugWithContent|x86.ActiveCfg = Debug|Xbox 360
		{41F2F85E-F5CE-42E9-B371-173DAC39D79A}.DebugWithContent|Xbox 360.ActiveCfg = Debug|Xbox 360
		{41F2F85E-F5CE-42E9-B371-173DAC39D79A}.DebugWithContent|Xbox 360.Build.0 = Debug|Xbox 360
		{41F2F85E-F5CE-42E9-B371-173DAC39D79A}.DebugWithContent|Xbox 360.Deploy.0 = Debug|Xbox 360
		{41F2F85E-F5CE-42E9-B371-173DAC39D79A}.PipelineDebug|Mixed Platforms.ActiveCfg = Debug|Xbox 360
		{41F2F85E-F5CE-42E9-B371-173DAC39D79A}.PipelineDebug|Mixed Platforms.Build.0 = Debug|Xbox 360
		{41F2F85E-F5CE-42E9-B371-173DAC39D79A}.PipelineDebug|Mixed Platforms.Deploy.0 = Debug|Xbox 360
		{41F2F85E-F5CE-42E9-B371-173DAC39D79A}.PipelineDebug|Windows Phone.ActiveCfg = Debug|Xbox 360
		{41F2F85E-F5CE-42E9-B371-173DAC39D79A}.PipelineDebug|x86.ActiveCfg = Debug|Xbox 360
		{41F2F85E-F5CE-42E9-B371-173DAC39D79A}.PipelineDebug|Xbox 360.ActiveCfg = Debug|Xbox 360
		{41F2F85E-F5CE-42E9-B371-173DAC39D79A}.PipelineDebug|Xbox 360.Build.0 = Debug|Xbox 360
		{41F2F85E-F5CE-42E9-B371-173DAC39D79A}.PipelineDebug|Xbox 360.Deploy.0 = Debug|Xbox 360
		{41F2F85E-F5CE-42E9-B371-173DAC39D79A}.Release all levels unlocked|Mixed Platforms.ActiveCfg = Release|Xbox 360
		{41F2F85E-F5CE-42E9-B371-173DAC39D79A}.Release all levels unlocked|Mixed Platforms.Build.0 = Release|Xbox 360
		{41F2F85E-F5CE-42E9-B371-173DAC39D79A}.Release all levels unlocked|Mixed Platforms.Deploy.0 = Release|Xbox 360
		{41F2F85E-F5CE-42E9-B371-173DAC39D79A}.Release all levels unlocked|Windows Phone.ActiveCfg = Release|Xbox 360
		{41F2F85E-F5CE-42E9-B371-173DAC39D79A}.Release all levels unlocked|x86.ActiveCfg = Release|Xbox 360
		{41F2F85E-F5CE-42E9-B371-173DAC39D79A}.Release all levels unlocked|Xbox 360.ActiveCfg = Release|Xbox 360
		{41F2F85E-F5CE-42E9-B371-173DAC39D79A}.Release all levels unlocked|Xbox 360.Build.0 = Release|Xbox 360
		{41F2F85E-F5CE-42E9-B371-173DAC39D79A}.Release all levels unlocked|Xbox 360.Deploy.0 = Release|Xbox 360
		{41F2F85E-F5CE-42E9-B371-173DAC39D79A}.Release|Mixed Platforms.ActiveCfg = Release|Xbox 360
		{41F2F85E-F5CE-42E9-B371-173DAC39D79A}.Release|Mixed Platforms.Build.0 = Release|Xbox 360
		{41F2F85E-F5CE-42E9-B371-173DAC39D79A}.Release|Mixed Platforms.Deploy.0 = Release|Xbox 360
		{41F2F85E-F5CE-42E9-B371-173DAC39D79A}.Release|Windows Phone.ActiveCfg = Release|Xbox 360
		{41F2F85E-F5CE-42E9-B371-173DAC39D79A}.Release|x86.ActiveCfg = Release|Xbox 360
		{41F2F85E-F5CE-42E9-B371-173DAC39D79A}.Release|Xbox 360.ActiveCfg = Release|Xbox 360
		{41F2F85E-F5CE-42E9-B371-173DAC39D79A}.Release|Xbox 360.Build.0 = Release|Xbox 360
		{41F2F85E-F5CE-42E9-B371-173DAC39D79A}.Release|Xbox 360.Deploy.0 = Release|Xbox 360
		{41F2F85E-F5CE-42E9-B371-173DAC39D79A}.Release-LOWDEF|Mixed Platforms.ActiveCfg = Release|Xbox 360
		{41F2F85E-F5CE-42E9-B371-173DAC39D79A}.Release-LOWDEF|Mixed Platforms.Build.0 = Release|Xbox 360
		{41F2F85E-F5CE-42E9-B371-173DAC39D79A}.Release-LOWDEF|Mixed Platforms.Deploy.0 = Release|Xbox 360
		{41F2F85E-F5CE-42E9-B371-173DAC39D79A}.Release-LOWDEF|Windows Phone.ActiveCfg = Release|Xbox 360
		{41F2F85E-F5CE-42E9-B371-173DAC39D79A}.Release-LOWDEF|x86.ActiveCfg = Release|Xbox 360
		{41F2F85E-F5CE-42E9-B371-173DAC39D79A}.Release-LOWDEF|Xbox 360.ActiveCfg = Release|Xbox 360
		{41F2F85E-F5CE-42E9-B371-173DAC39D79A}.Release-LOWDEF|Xbox 360.Build.0 = Release|Xbox 360
		{41F2F85E-F5CE-42E9-B371-173DAC39D79A}.Release-LOWDEF|Xbox 360.Deploy.0 = Release|Xbox 360
		{A02BD389-79AE-4975-9A5E-DEDC66B8A0CB}.Debug - component profiler|Mixed Platforms.ActiveCfg = Debug - component profiler|x86
		{A02BD389-79AE-4975-9A5E-DEDC66B8A0CB}.Debug - component profiler|Mixed Platforms.Build.0 = Debug - component profiler|x86
		{A02BD389-79AE-4975-9A5E-DEDC66B8A0CB}.Debug - component profiler|Windows Phone.ActiveCfg = Debug - component profiler|x86
		{A02BD389-79AE-4975-9A5E-DEDC66B8A0CB}.Debug - component profiler|x86.ActiveCfg = Debug - component profiler|x86
		{A02BD389-79AE-4975-9A5E-DEDC66B8A0CB}.Debug - component profiler|x86.Build.0 = Debug - component profiler|x86
		{A02BD389-79AE-4975-9A5E-DEDC66B8A0CB}.Debug - component profiler|Xbox 360.ActiveCfg = Debug - component profiler|x86
		{A02BD389-79AE-4975-9A5E-DEDC66B8A0CB}.Debug- component profiler|Mixed Platforms.ActiveCfg = Debug- component profiler|x86
		{A02BD389-79AE-4975-9A5E-DEDC66B8A0CB}.Debug- component profiler|Mixed Platforms.Build.0 = Debug- component profiler|x86
		{A02BD389-79AE-4975-9A5E-DEDC66B8A0CB}.Debug- component profiler|Windows Phone.ActiveCfg = Debug- component profiler|x86
		{A02BD389-79AE-4975-9A5E-DEDC66B8A0CB}.Debug- component profiler|x86.ActiveCfg = Debug- component profiler|x86
		{A02BD389-79AE-4975-9A5E-DEDC66B8A0CB}.Debug- component profiler|x86.Build.0 = Debug- component profiler|x86
		{A02BD389-79AE-4975-9A5E-DEDC66B8A0CB}.Debug- component profiler|Xbox 360.ActiveCfg = Debug- component profiler|x86
		{A02BD389-79AE-4975-9A5E-DEDC66B8A0CB}.Debug|Mixed Platforms.ActiveCfg = Debug|x86
		{A02BD389-79AE-4975-9A5E-DEDC66B8A0CB}.Debug|Mixed Platforms.Build.0 = Debug|x86
		{A02BD389-79AE-4975-9A5E-DEDC66B8A0CB}.Debug|Windows Phone.ActiveCfg = Debug|x86
		{A02BD389-79AE-4975-9A5E-DEDC66B8A0CB}.Debug|x86.ActiveCfg = Debug|x86
		{A02BD389-79AE-4975-9A5E-DEDC66B8A0CB}.Debug|x86.Build.0 = Debug|x86
		{A02BD389-79AE-4975-9A5E-DEDC66B8A0CB}.Debug|Xbox 360.ActiveCfg = Debug|x86
		{A02BD389-79AE-4975-9A5E-DEDC66B8A0CB}.DebugWithContent|Mixed Platforms.ActiveCfg = DebugWithContent|x86
		{A02BD389-79AE-4975-9A5E-DEDC66B8A0CB}.DebugWithContent|Mixed Platforms.Build.0 = DebugWithContent|x86
		{A02BD389-79AE-4975-9A5E-DEDC66B8A0CB}.DebugWithContent|Windows Phone.ActiveCfg = DebugWithContent|x86
		{A02BD389-79AE-4975-9A5E-DEDC66B8A0CB}.DebugWithContent|x86.ActiveCfg = DebugWithContent|x86
		{A02BD389-79AE-4975-9A5E-DEDC66B8A0CB}.DebugWithContent|x86.Build.0 = DebugWithContent|x86
		{A02BD389-79AE-4975-9A5E-DEDC66B8A0CB}.DebugWithContent|Xbox 360.ActiveCfg = DebugWithContent|x86
		{A02BD389-79AE-4975-9A5E-DEDC66B8A0CB}.PipelineDebug|Mixed Platforms.ActiveCfg = PipelineDebug|x86
		{A02BD389-79AE-4975-9A5E-DEDC66B8A0CB}.PipelineDebug|Mixed Platforms.Build.0 = PipelineDebug|x86
		{A02BD389-79AE-4975-9A5E-DEDC66B8A0CB}.PipelineDebug|Windows Phone.ActiveCfg = PipelineDebug|x86
		{A02BD389-79AE-4975-9A5E-DEDC66B8A0CB}.PipelineDebug|x86.ActiveCfg = PipelineDebug|x86
		{A02BD389-79AE-4975-9A5E-DEDC66B8A0CB}.PipelineDebug|x86.Build.0 = PipelineDebug|x86
		{A02BD389-79AE-4975-9A5E-DEDC66B8A0CB}.PipelineDebug|Xbox 360.ActiveCfg = PipelineDebug|x86
		{A02BD389-79AE-4975-9A5E-DEDC66B8A0CB}.Release all levels unlocked|Mixed Platforms.ActiveCfg = Release all levels unlocked|x86
		{A02BD389-79AE-4975-9A5E-DEDC66B8A0CB}.Release all levels unlocked|Mixed Platforms.Build.0 = Release all levels unlocked|x86
		{A02BD389-79AE-4975-9A5E-DEDC66B8A0CB}.Release all levels unlocked|Windows Phone.ActiveCfg = Release all levels unlocked|x86
		{A02BD389-79AE-4975-9A5E-DEDC66B8A0CB}.Release all levels unlocked|x86.ActiveCfg = Release all levels unlocked|x86
		{A02BD389-79AE-4975-9A5E-DEDC66B8A0CB}.Release all levels unlocked|x86.Build.0 = Release all levels unlocked|x86
		{A02BD389-79AE-4975-9A5E-DEDC66B8A0CB}.Release all levels unlocked|Xbox 360.ActiveCfg = Release all levels unlocked|x86
		{A02BD389-79AE-4975-9A5E-DEDC66B8A0CB}.Release|Mixed Platforms.ActiveCfg = Release|x86
		{A02BD389-79AE-4975-9A5E-DEDC66B8A0CB}.Release|Mixed Platforms.Build.0 = Release|x86
		{A02BD389-79AE-4975-9A5E-DEDC66B8A0CB}.Release|Windows Phone.ActiveCfg = Release|x86
		{A02BD389-79AE-4975-9A5E-DEDC66B8A0CB}.Release|x86.ActiveCfg = Release|x86
		{A02BD389-79AE-4975-9A5E-DEDC66B8A0CB}.Release|x86.Build.0 = Release|x86
		{A02BD389-79AE-4975-9A5E-DEDC66B8A0CB}.Release|Xbox 360.ActiveCfg = Release|x86
		{A02BD389-79AE-4975-9A5E-DEDC66B8A0CB}.Release-LOWDEF|Mixed Platforms.ActiveCfg = Release-LOWDEF|x86
		{A02BD389-79AE-4975-9A5E-DEDC66B8A0CB}.Release-LOWDEF|Mixed Platforms.Build.0 = Release-LOWDEF|x86
		{A02BD389-79AE-4975-9A5E-DEDC66B8A0CB}.Release-LOWDEF|Windows Phone.ActiveCfg = Release-LOWDEF|x86
		{A02BD389-79AE-4975-9A5E-DEDC66B8A0CB}.Release-LOWDEF|x86.ActiveCfg = Release-LOWDEF|x86
		{A02BD389-79AE-4975-9A5E-DEDC66B8A0CB}.Release-LOWDEF|x86.Build.0 = Release-LOWDEF|x86
		{A02BD389-79AE-4975-9A5E-DEDC66B8A0CB}.Release-LOWDEF|Xbox 360.ActiveCfg = Release-LOWDEF|x86
		{2370CE44-C54A-4553-B0C1-5971DA50254A}.Debug - component profiler|Mixed Platforms.ActiveCfg = Debug|Windows Phone
		{2370CE44-C54A-4553-B0C1-5971DA50254A}.Debug - component profiler|Mixed Platforms.Build.0 = Debug|Windows Phone
		{2370CE44-C54A-4553-B0C1-5971DA50254A}.Debug - component profiler|Windows Phone.ActiveCfg = Debug|Windows Phone
		{2370CE44-C54A-4553-B0C1-5971DA50254A}.Debug - component profiler|Windows Phone.Build.0 = Debug|Windows Phone
		{2370CE44-C54A-4553-B0C1-5971DA50254A}.Debug - component profiler|x86.ActiveCfg = Debug|Windows Phone
		{2370CE44-C54A-4553-B0C1-5971DA50254A}.Debug - component profiler|Xbox 360.ActiveCfg = Debug|Windows Phone
		{2370CE44-C54A-4553-B0C1-5971DA50254A}.Debug- component profiler|Mixed Platforms.ActiveCfg = Debug|Windows Phone
		{2370CE44-C54A-4553-B0C1-5971DA50254A}.Debug- component profiler|Mixed Platforms.Build.0 = Debug|Windows Phone
		{2370CE44-C54A-4553-B0C1-5971DA50254A}.Debug- component profiler|Windows Phone.ActiveCfg = Debug|Windows Phone
		{2370CE44-C54A-4553-B0C1-5971DA50254A}.Debug- component profiler|Windows Phone.Build.0 = Debug|Windows Phone
		{2370CE44-C54A-4553-B0C1-5971DA50254A}.Debug- component profiler|x86.ActiveCfg = Debug|Windows Phone
		{2370CE44-C54A-4553-B0C1-5971DA50254A}.Debug- component profiler|Xbox 360.ActiveCfg = Debug|Windows Phone
		{2370CE44-C54A-4553-B0C1-5971DA50254A}.Debug|Mixed Platforms.ActiveCfg = Debug|Windows Phone
		{2370CE44-C54A-4553-B0C1-5971DA50254A}.Debug|Mixed Platforms.Build.0 = Debug|Windows Phone
		{2370CE44-C54A-4553-B0C1-5971DA50254A}.Debug|Windows Phone.ActiveCfg = Debug|Windows Phone
		{2370CE44-C54A-4553-B0C1-5971DA50254A}.Debug|Windows Phone.Build.0 = Debug|Windows Phone
		{2370CE44-C54A-4553-B0C1-5971DA50254A}.Debug|x86.ActiveCfg = Debug|Windows Phone
		{2370CE44-C54A-4553-B0C1-5971DA50254A}.Debug|Xbox 360.ActiveCfg = Debug|Windows Phone
		{2370CE44-C54A-4553-B0C1-5971DA50254A}.DebugWithContent|Mixed Platforms.ActiveCfg = Debug|Windows Phone
		{2370CE44-C54A-4553-B0C1-5971DA50254A}.DebugWithContent|Mixed Platforms.Build.0 = Debug|Windows Phone
		{2370CE44-C54A-4553-B0C1-5971DA50254A}.DebugWithContent|Windows Phone.ActiveCfg = Debug|Windows Phone
		{2370CE44-C54A-4553-B0C1-5971DA50254A}.DebugWithContent|Windows Phone.Build.0 = Debug|Windows Phone
		{2370CE44-C54A-4553-B0C1-5971DA50254A}.DebugWithContent|x86.ActiveCfg = Debug|Windows Phone
		{2370CE44-C54A-4553-B0C1-5971DA50254A}.DebugWithContent|Xbox 360.ActiveCfg = Debug|Windows Phone
		{2370CE44-C54A-4553-B0C1-5971DA50254A}.PipelineDebug|Mixed Platforms.ActiveCfg = Debug|Windows Phone
		{2370CE44-C54A-4553-B0C1-5971DA50254A}.PipelineDebug|Mixed Platforms.Build.0 = Debug|Windows Phone
		{2370CE44-C54A-4553-B0C1-5971DA50254A}.PipelineDebug|Windows Phone.ActiveCfg = Debug|Windows Phone
		{2370CE44-C54A-4553-B0C1-5971DA50254A}.PipelineDebug|Windows Phone.Build.0 = Debug|Windows Phone
		{2370CE44-C54A-4553-B0C1-5971DA50254A}.PipelineDebug|x86.ActiveCfg = Debug|Windows Phone
		{2370CE44-C54A-4553-B0C1-5971DA50254A}.PipelineDebug|Xbox 360.ActiveCfg = Debug|Windows Phone
		{2370CE44-C54A-4553-B0C1-5971DA50254A}.Release all levels unlocked|Mixed Platforms.ActiveCfg = Release|Windows Phone
		{2370CE44-C54A-4553-B0C1-5971DA50254A}.Release all levels unlocked|Mixed Platforms.Build.0 = Release|Windows Phone
		{2370CE44-C54A-4553-B0C1-5971DA50254A}.Release all levels unlocked|Windows Phone.ActiveCfg = Release|Windows Phone
		{2370CE44-C54A-4553-B0C1-5971DA50254A}.Release all levels unlocked|Windows Phone.Build.0 = Release|Windows Phone
		{2370CE44-C54A-4553-B0C1-5971DA50254A}.Release all levels unlocked|x86.ActiveCfg = Release|Windows Phone
		{2370CE44-C54A-4553-B0C1-5971DA50254A}.Release all levels unlocked|Xbox 360.ActiveCfg = Release|Windows Phone
		{2370CE44-C54A-4553-B0C1-5971DA50254A}.Release|Mixed Platforms.ActiveCfg = Release|Windows Phone
		{2370CE44-C54A-4553-B0C1-5971DA50254A}.Release|Mixed Platforms.Build.0 = Release|Windows Phone
		{2370CE44-C54A-4553-B0C1-5971DA50254A}.Release|Windows Phone.ActiveCfg = Release|Windows Phone
		{2370CE44-C54A-4553-B0C1-5971DA50254A}.Release|Windows Phone.Build.0 = Release|Windows Phone
		{2370CE44-C54A-4553-B0C1-5971DA50254A}.Release|x86.ActiveCfg = Release|Windows Phone
		{2370CE44-C54A-4553-B0C1-5971DA50254A}.Release|Xbox 360.ActiveCfg = Release|Windows Phone
		{2370CE44-C54A-4553-B0C1-5971DA50254A}.Release-LOWDEF|Mixed Platforms.ActiveCfg = Release|Windows Phone
		{2370CE44-C54A-4553-B0C1-5971DA50254A}.Release-LOWDEF|Mixed Platforms.Build.0 = Release|Windows Phone
		{2370CE44-C54A-4553-B0C1-5971DA50254A}.Release-LOWDEF|Windows Phone.ActiveCfg = Release|Windows Phone
		{2370CE44-C54A-4553-B0C1-5971DA50254A}.Release-LOWDEF|Windows Phone.Build.0 = Release|Windows Phone
		{2370CE44-C54A-4553-B0C1-5971DA50254A}.Release-LOWDEF|x86.ActiveCfg = Release|Windows Phone
		{2370CE44-C54A-4553-B0C1-5971DA50254A}.Release-LOWDEF|Xbox 360.ActiveCfg = Release|Windows Phone
		{2B962BD4-23CF-4151-8A3F-DF40C4BCC75D}.Debug - component profiler|Mixed Platforms.ActiveCfg = Debug - component profiler|x86
		{2B962BD4-23CF-4151-8A3F-DF40C4BCC75D}.Debug - component profiler|Mixed Platforms.Build.0 = Debug - component profiler|x86
		{2B962BD4-23CF-4151-8A3F-DF40C4BCC75D}.Debug - component profiler|Windows Phone.ActiveCfg = Debug - component profiler|x86
		{2B962BD4-23CF-4151-8A3F-DF40C4BCC75D}.Debug - component profiler|x86.ActiveCfg = Debug - component profiler|x86
		{2B962BD4-23CF-4151-8A3F-DF40C4BCC75D}.Debug - component profiler|x86.Build.0 = Debug - component profiler|x86
		{2B962BD4-23CF-4151-8A3F-DF40C4BCC75D}.Debug - component profiler|Xbox 360.ActiveCfg = Debug - component profiler|x86
		{2B962BD4-23CF-4151-8A3F-DF40C4BCC75D}.Debug- component profiler|Mixed Platforms.ActiveCfg = Debug- component profiler|x86
		{2B962BD4-23CF-4151-8A3F-DF40C4BCC75D}.Debug- component profiler|Mixed Platforms.Build.0 = Debug- component profiler|x86
		{2B962BD4-23CF-4151-8A3F-DF40C4BCC75D}.Debug- component profiler|Windows Phone.ActiveCfg = Debug- component profiler|x86
		{2B962BD4-23CF-4151-8A3F-DF40C4BCC75D}.Debug- component profiler|x86.ActiveCfg = Debug- component profiler|x86
		{2B962BD4-23CF-4151-8A3F-DF40C4BCC75D}.Debug- component profiler|x86.Build.0 = Debug- component profiler|x86
		{2B962BD4-23CF-4151-8A3F-DF40C4BCC75D}.Debug- component profiler|Xbox 360.ActiveCfg = Debug- component profiler|x86
		{2B962BD4-23CF-4151-8A3F-DF40C4BCC75D}.Debug|Mixed Platforms.ActiveCfg = Debug|x86
		{2B962BD4-23CF-4151-8A3F-DF40C4BCC75D}.Debug|Mixed Platforms.Build.0 = Debug|x86
		{2B962BD4-23CF-4151-8A3F-DF40C4BCC75D}.Debug|Windows Phone.ActiveCfg = Debug|x86
		{2B962BD4-23CF-4151-8A3F-DF40C4BCC75D}.Debug|x86.ActiveCfg = Debug|x86
		{2B962BD4-23CF-4151-8A3F-DF40C4BCC75D}.Debug|x86.Build.0 = Debug|x86
		{2B962BD4-23CF-4151-8A3F-DF40C4BCC75D}.Debug|Xbox 360.ActiveCfg = Debug|x86
		{2B962BD4-23CF-4151-8A3F-DF40C4BCC75D}.DebugWithContent|Mixed Platforms.ActiveCfg = DebugWithContent|x86
		{2B962BD4-23CF-4151-8A3F-DF40C4BCC75D}.DebugWithContent|Mixed Platforms.Build.0 = DebugWithContent|x86
		{2B962BD4-23CF-4151-8A3F-DF40C4BCC75D}.DebugWithContent|Windows Phone.ActiveCfg = DebugWithContent|x86
		{2B962BD4-23CF-4151-8A3F-DF40C4BCC75D}.DebugWithContent|x86.ActiveCfg = DebugWithContent|x86
		{2B962BD4-23CF-4151-8A3F-DF40C4BCC75D}.DebugWithContent|x86.Build.0 = DebugWithContent|x86
		{2B962BD4-23CF-4151-8A3F-DF40C4BCC75D}.DebugWithContent|Xbox 360.ActiveCfg = DebugWithContent|x86
		{2B962BD4-23CF-4151-8A3F-DF40C4BCC75D}.PipelineDebug|Mixed Platforms.ActiveCfg = PipelineDebug|x86
		{2B962BD4-23CF-4151-8A3F-DF40C4BCC75D}.PipelineDebug|Mixed Platforms.Build.0 = PipelineDebug|x86
		{2B962BD4-23CF-4151-8A3F-DF40C4BCC75D}.PipelineDebug|Windows Phone.ActiveCfg = PipelineDebug|x86
		{2B962BD4-23CF-4151-8A3F-DF40C4BCC75D}.PipelineDebug|x86.ActiveCfg = PipelineDebug|x86
		{2B962BD4-23CF-4151-8A3F-DF40C4BCC75D}.PipelineDebug|x86.Build.0 = PipelineDebug|x86
		{2B962BD4-23CF-4151-8A3F-DF40C4BCC75D}.PipelineDebug|Xbox 360.ActiveCfg = PipelineDebug|x86
		{2B962BD4-23CF-4151-8A3F-DF40C4BCC75D}.Release all levels unlocked|Mixed Platforms.ActiveCfg = Release all levels unlocked|x86
		{2B962BD4-23CF-4151-8A3F-DF40C4BCC75D}.Release all levels unlocked|Mixed Platforms.Build.0 = Release all levels unlocked|x86
		{2B962BD4-23CF-4151-8A3F-DF40C4BCC75D}.Release all levels unlocked|Windows Phone.ActiveCfg = Release all levels unlocked|x86
		{2B962BD4-23CF-4151-8A3F-DF40C4BCC75D}.Release all levels unlocked|x86.ActiveCfg = Release all levels unlocked|x86
		{2B962BD4-23CF-4151-8A3F-DF40C4BCC75D}.Release all levels unlocked|x86.Build.0 = Release all levels unlocked|x86
		{2B962BD4-23CF-4151-8A3F-DF40C4BCC75D}.Release all levels unlocked|Xbox 360.ActiveCfg = Release all levels unlocked|x86
		{2B962BD4-23CF-4151-8A3F-DF40C4BCC75D}.Release|Mixed Platforms.ActiveCfg = Release|x86
		{2B962BD4-23CF-4151-8A3F-DF40C4BCC75D}.Release|Mixed Platforms.Build.0 = Release|x86
		{2B962BD4-23CF-4151-8A3F-DF40C4BCC75D}.Release|Windows Phone.ActiveCfg = Release|x86
		{2B962BD4-23CF-4151-8A3F-DF40C4BCC75D}.Release|x86.ActiveCfg = Release|x86
		{2B962BD4-23CF-4151-8A3F-DF40C4BCC75D}.Release|x86.Build.0 = Release|x86
		{2B962BD4-23CF-4151-8A3F-DF40C4BCC75D}.Release|Xbox 360.ActiveCfg = Release|x86
		{2B962BD4-23CF-4151-8A3F-DF40C4BCC75D}.Release-LOWDEF|Mixed Platforms.ActiveCfg = Release-LOWDEF|x86
		{2B962BD4-23CF-4151-8A3F-DF40C4BCC75D}.Release-LOWDEF|Mixed Platforms.Build.0 = Release-LOWDEF|x86
		{2B962BD4-23CF-4151-8A3F-DF40C4BCC75D}.Release-LOWDEF|Windows Phone.ActiveCfg = Release-LOWDEF|x86
		{2B962BD4-23CF-4151-8A3F-DF40C4BCC75D}.Release-LOWDEF|x86.ActiveCfg = Release-LOWDEF|x86
		{2B962BD4-23CF-4151-8A3F-DF40C4BCC75D}.Release-LOWDEF|x86.Build.0 = Release-LOWDEF|x86
		{2B962BD4-23CF-4151-8A3F-DF40C4BCC75D}.Release-LOWDEF|Xbox 360.ActiveCfg = Release-LOWDEF|x86
		{FC08EA5C-C1E1-4F96-ACF2-581859E8CD09}.Debug - component profiler|Mixed Platforms.ActiveCfg = Debug|x86
		{FC08EA5C-C1E1-4F96-ACF2-581859E8CD09}.Debug - component profiler|Mixed Platforms.Build.0 = Debug|x86
		{FC08EA5C-C1E1-4F96-ACF2-581859E8CD09}.Debug - component profiler|Windows Phone.ActiveCfg = Debug|x86
		{FC08EA5C-C1E1-4F96-ACF2-581859E8CD09}.Debug - component profiler|x86.ActiveCfg = Debug|x86
		{FC08EA5C-C1E1-4F96-ACF2-581859E8CD09}.Debug - component profiler|x86.Build.0 = Debug|x86
		{FC08EA5C-C1E1-4F96-ACF2-581859E8CD09}.Debug - component profiler|Xbox 360.ActiveCfg = Debug|x86
		{FC08EA5C-C1E1-4F96-ACF2-581859E8CD09}.Debug- component profiler|Mixed Platforms.ActiveCfg = Debug|x86
		{FC08EA5C-C1E1-4F96-ACF2-581859E8CD09}.Debug- component profiler|Mixed Platforms.Build.0 = Debug|x86
		{FC08EA5C-C1E1-4F96-ACF2-581859E8CD09}.Debug- component profiler|Windows Phone.ActiveCfg = Debug|x86
		{FC08EA5C-C1E1-4F96-ACF2-581859E8CD09}.Debug- component profiler|x86.ActiveCfg = Debug|x86
		{FC08EA5C-C1E1-4F96-ACF2-581859E8CD09}.Debug- component profiler|x86.Build.0 = Debug|x86
		{FC08EA5C-C1E1-4F96-ACF2-581859E8CD09}.Debug- component profiler|Xbox 360.ActiveCfg = Debug|x86
		{FC08EA5C-C1E1-4F96-ACF2-581859E8CD09}.Debug|Mixed Platforms.ActiveCfg = Debug|x86
		{FC08EA5C-C1E1-4F96-ACF2-581859E8CD09}.Debug|Mixed Platforms.Build.0 = Debug|x86
		{FC08EA5C-C1E1-4F96-ACF2-581859E8CD09}.Debug|Windows Phone.ActiveCfg = Debug|x86
		{FC08EA5C-C1E1-4F96-ACF2-581859E8CD09}.Debug|x86.ActiveCfg = Debug|x86
		{FC08EA5C-C1E1-4F96-ACF2-581859E8CD09}.Debug|x86.Build.0 = Debug|x86
		{FC08EA5C-C1E1-4F96-ACF2-581859E8CD09}.Debug|Xbox 360.ActiveCfg = Debug|x86
		{FC08EA5C-C1E1-4F96-ACF2-581859E8CD09}.DebugWithContent|Mixed Platforms.ActiveCfg = Debug|x86
		{FC08EA5C-C1E1-4F96-ACF2-581859E8CD09}.DebugWithContent|Mixed Platforms.Build.0 = Debug|x86
		{FC08EA5C-C1E1-4F96-ACF2-581859E8CD09}.DebugWithContent|Windows Phone.ActiveCfg = Debug|x86
		{FC08EA5C-C1E1-4F96-ACF2-581859E8CD09}.DebugWithContent|x86.ActiveCfg = Debug|x86
		{FC08EA5C-C1E1-4F96-ACF2-581859E8CD09}.DebugWithContent|x86.Build.0 = Debug|x86
		{FC08EA5C-C1E1-4F96-ACF2-581859E8CD09}.DebugWithContent|Xbox 360.ActiveCfg = Debug|x86
		{FC08EA5C-C1E1-4F96-ACF2-581859E8CD09}.PipelineDebug|Mixed Platforms.ActiveCfg = Debug|x86
		{FC08EA5C-C1E1-4F96-ACF2-581859E8CD09}.PipelineDebug|Mixed Platforms.Build.0 = Debug|x86
		{FC08EA5C-C1E1-4F96-ACF2-581859E8CD09}.PipelineDebug|Windows Phone.ActiveCfg = Debug|x86
		{FC08EA5C-C1E1-4F96-ACF2-581859E8CD09}.PipelineDebug|x86.ActiveCfg = Debug|x86
		{FC08EA5C-C1E1-4F96-ACF2-581859E8CD09}.PipelineDebug|Xbox 360.ActiveCfg = Debug|x86
		{FC08EA5C-C1E1-4F96-ACF2-581859E8CD09}.Release all levels unlocked|Mixed Platforms.ActiveCfg = Release|x86
		{FC08EA5C-C1E1-4F96-ACF2-581859E8CD09}.Release all levels unlocked|Mixed Platforms.Build.0 = Release|x86
		{FC08EA5C-C1E1-4F96-ACF2-581859E8CD09}.Release all levels unlocked|Windows Phone.ActiveCfg = Release|x86
		{FC08EA5C-C1E1-4F96-ACF2-581859E8CD09}.Release all levels unlocked|x86.ActiveCfg = Release|x86
		{FC08EA5C-C1E1-4F96-ACF2-581859E8CD09}.Release all levels unlocked|x86.Build.0 = Release|x86
		{FC08EA5C-C1E1-4F96-ACF2-581859E8CD09}.Release all levels unlocked|Xbox 360.ActiveCfg = Release|x86
		{FC08EA5C-C1E1-4F96-ACF2-581859E8CD09}.Release|Mixed Platforms.ActiveCfg = Release|x86
		{FC08EA5C-C1E1-4F96-ACF2-581859E8CD09}.Release|Mixed Platforms.Build.0 = Release|x86
		{FC08EA5C-C1E1-4F96-ACF2-581859E8CD09}.Release|Windows Phone.ActiveCfg = Release|x86
		{FC08EA5C-C1E1-4F96-ACF2-581859E8CD09}.Release|x86.ActiveCfg = Release|x86
		{FC08EA5C-C1E1-4F96-ACF2-581859E8CD09}.Release|x86.Build.0 = Release|x86
		{FC08EA5C-C1E1-4F96-ACF2-581859E8CD09}.Release|Xbox 360.ActiveCfg = Release|x86
		{FC08EA5C-C1E1-4F96-ACF2-581859E8CD09}.Release-LOWDEF|Mixed Platforms.ActiveCfg = Release|x86
		{FC08EA5C-C1E1-4F96-ACF2-581859E8CD09}.Release-LOWDEF|Mixed Platforms.Build.0 = Release|x86
		{FC08EA5C-C1E1-4F96-ACF2-581859E8CD09}.Release-LOWDEF|Windows Phone.ActiveCfg = Release|x86
		{FC08EA5C-C1E1-4F96-ACF2-581859E8CD09}.Release-LOWDEF|x86.ActiveCfg = Release|x86
		{FC08EA5C-C1E1-4F96-ACF2-581859E8CD09}.Release-LOWDEF|x86.Build.0 = Release|x86
		{FC08EA5C-C1E1-4F96-ACF2-581859E8CD09}.Release-LOWDEF|Xbox 360.ActiveCfg = Release|x86
		{6062F254-F991-49B4-953B-D5867416C1E6}.Debug - component profiler|Mixed Platforms.ActiveCfg = Debug|Windows Phone
		{6062F254-F991-49B4-953B-D5867416C1E6}.Debug - component profiler|Mixed Platforms.Build.0 = Debug|Windows Phone
		{6062F254-F991-49B4-953B-D5867416C1E6}.Debug - component profiler|Windows Phone.ActiveCfg = Debug|Windows Phone
		{6062F254-F991-49B4-953B-D5867416C1E6}.Debug - component profiler|Windows Phone.Build.0 = Debug|Windows Phone
		{6062F254-F991-49B4-953B-D5867416C1E6}.Debug - component profiler|x86.ActiveCfg = Debug|Windows Phone
		{6062F254-F991-49B4-953B-D5867416C1E6}.Debug - component profiler|Xbox 360.ActiveCfg = Debug|Windows Phone
		{6062F254-F991-49B4-953B-D5867416C1E6}.Debug- component profiler|Mixed Platforms.ActiveCfg = Debug|Windows Phone
		{6062F254-F991-49B4-953B-D5867416C1E6}.Debug- component profiler|Mixed Platforms.Build.0 = Debug|Windows Phone
		{6062F254-F991-49B4-953B-D5867416C1E6}.Debug- component profiler|Windows Phone.ActiveCfg = Debug|Windows Phone
		{6062F254-F991-49B4-953B-D5867416C1E6}.Debug- component profiler|Windows Phone.Build.0 = Debug|Windows Phone
		{6062F254-F991-49B4-953B-D5867416C1E6}.Debug- component profiler|x86.ActiveCfg = Debug|Windows Phone
		{6062F254-F991-49B4-953B-D5867416C1E6}.Debug- component profiler|Xbox 360.ActiveCfg = Debug|Windows Phone
		{6062F254-F991-49B4-953B-D5867416C1E6}.Debug|Mixed Platforms.ActiveCfg = Debug|Windows Phone
		{6062F254-F991-49B4-953B-D5867416C1E6}.Debug|Mixed Platforms.Build.0 = Debug|Windows Phone
		{6062F254-F991-49B4-953B-D5867416C1E6}.Debug|Windows Phone.ActiveCfg = Debug|Windows Phone
		{6062F254-F991-49B4-953B-D5867416C1E6}.Debug|Windows Phone.Build.0 = Debug|Windows Phone
		{6062F254-F991-49B4-953B-D5867416C1E6}.Debug|x86.ActiveCfg = Debug|Windows Phone
		{6062F254-F991-49B4-953B-D5867416C1E6}.Debug|Xbox 360.ActiveCfg = Debug|Windows Phone
		{6062F254-F991-49B4-953B-D5867416C1E6}.DebugWithContent|Mixed Platforms.ActiveCfg = Debug|Windows Phone
		{6062F254-F991-49B4-953B-D5867416C1E6}.DebugWithContent|Mixed Platforms.Build.0 = Debug|Windows Phone
		{6062F254-F991-49B4-953B-D5867416C1E6}.DebugWithContent|Windows Phone.ActiveCfg = Debug|Windows Phone
		{6062F254-F991-49B4-953B-D5867416C1E6}.DebugWithContent|Windows Phone.Build.0 = Debug|Windows Phone
		{6062F254-F991-49B4-953B-D5867416C1E6}.DebugWithContent|x86.ActiveCfg = Debug|Windows Phone
		{6062F254-F991-49B4-953B-D5867416C1E6}.DebugWithContent|Xbox 360.ActiveCfg = Debug|Windows Phone
		{6062F254-F991-49B4-953B-D5867416C1E6}.PipelineDebug|Mixed Platforms.ActiveCfg = Debug|Windows Phone
		{6062F254-F991-49B4-953B-D5867416C1E6}.PipelineDebug|Mixed Platforms.Build.0 = Debug|Windows Phone
		{6062F254-F991-49B4-953B-D5867416C1E6}.PipelineDebug|Windows Phone.ActiveCfg = Debug|Windows Phone
		{6062F254-F991-49B4-953B-D5867416C1E6}.PipelineDebug|Windows Phone.Build.0 = Debug|Windows Phone
		{6062F254-F991-49B4-953B-D5867416C1E6}.PipelineDebug|x86.ActiveCfg = Debug|Windows Phone
		{6062F254-F991-49B4-953B-D5867416C1E6}.PipelineDebug|Xbox 360.ActiveCfg = Debug|Windows Phone
		{6062F254-F991-49B4-953B-D5867416C1E6}.Release all levels unlocked|Mixed Platforms.ActiveCfg = Release|Windows Phone
		{6062F254-F991-49B4-953B-D5867416C1E6}.Release all levels unlocked|Mixed Platforms.Build.0 = Release|Windows Phone
		{6062F254-F991-49B4-953B-D5867416C1E6}.Release all levels unlocked|Windows Phone.ActiveCfg = Release|Windows Phone
		{6062F254-F991-49B4-953B-D5867416C1E6}.Release all levels unlocked|Windows Phone.Build.0 = Release|Windows Phone
		{6062F254-F991-49B4-953B-D5867416C1E6}.Release all levels unlocked|x86.ActiveCfg = Release|Windows Phone
		{6062F254-F991-49B4-953B-D5867416C1E6}.Release all levels unlocked|Xbox 360.ActiveCfg = Release|Windows Phone
		{6062F254-F991-49B4-953B-D5867416C1E6}.Release|Mixed Platforms.ActiveCfg = Release|Windows Phone
		{6062F254-F991-49B4-953B-D5867416C1E6}.Release|Mixed Platforms.Build.0 = Release|Windows Phone
		{6062F254-F991-49B4-953B-D5867416C1E6}.Release|Windows Phone.ActiveCfg = Release|Windows Phone
		{6062F254-F991-49B4-953B-D5867416C1E6}.Release|Windows Phone.Build.0 = Release|Windows Phone
		{6062F254-F991-49B4-953B-D5867416C1E6}.Release|x86.ActiveCfg = Release|Windows Phone
		{6062F254-F991-49B4-953B-D5867416C1E6}.Release|Xbox 360.ActiveCfg = Release|Windows Phone
		{6062F254-F991-49B4-953B-D5867416C1E6}.Release-LOWDEF|Mixed Platforms.ActiveCfg = Release|Windows Phone
		{6062F254-F991-49B4-953B-D5867416C1E6}.Release-LOWDEF|Mixed Platforms.Build.0 = Release|Windows Phone
		{6062F254-F991-49B4-953B-D5867416C1E6}.Release-LOWDEF|Windows Phone.ActiveCfg = Release|Windows Phone
		{6062F254-F991-49B4-953B-D5867416C1E6}.Release-LOWDEF|Windows Phone.Build.0 = Release|Windows Phone
		{6062F254-F991-49B4-953B-D5867416C1E6}.Release-LOWDEF|x86.ActiveCfg = Release|Windows Phone
		{6062F254-F991-49B4-953B-D5867416C1E6}.Release-LOWDEF|Xbox 360.ActiveCfg = Release|Windows Phone
		{1C8FE13D-BEAF-437C-908A-5AC780102B31}.Debug - component profiler|Mixed Platforms.ActiveCfg = Debug|Xbox 360
		{1C8FE13D-BEAF-437C-908A-5AC780102B31}.Debug - component profiler|Mixed Platforms.Build.0 = Debug|Xbox 360
		{1C8FE13D-BEAF-437C-908A-5AC780102B31}.Debug - component profiler|Windows Phone.ActiveCfg = Debug|Xbox 360
		{1C8FE13D-BEAF-437C-908A-5AC780102B31}.Debug - component profiler|x86.ActiveCfg = Debug|Xbox 360
		{1C8FE13D-BEAF-437C-908A-5AC780102B31}.Debug - component profiler|Xbox 360.ActiveCfg = Debug|Xbox 360
		{1C8FE13D-BEAF-437C-908A-5AC780102B31}.Debug - component profiler|Xbox 360.Build.0 = Debug|Xbox 360
		{1C8FE13D-BEAF-437C-908A-5AC780102B31}.Debug- component profiler|Mixed Platforms.ActiveCfg = Debug|Xbox 360
		{1C8FE13D-BEAF-437C-908A-5AC780102B31}.Debug- component profiler|Mixed Platforms.Build.0 = Debug|Xbox 360
		{1C8FE13D-BEAF-437C-908A-5AC780102B31}.Debug- component profiler|Windows Phone.ActiveCfg = Debug|Xbox 360
		{1C8FE13D-BEAF-437C-908A-5AC780102B31}.Debug- component profiler|x86.ActiveCfg = Debug|Xbox 360
		{1C8FE13D-BEAF-437C-908A-5AC780102B31}.Debug- component profiler|Xbox 360.ActiveCfg = Debug|Xbox 360
		{1C8FE13D-BEAF-437C-908A-5AC780102B31}.Debug- component profiler|Xbox 360.Build.0 = Debug|Xbox 360
		{1C8FE13D-BEAF-437C-908A-5AC780102B31}.Debug|Mixed Platforms.ActiveCfg = Debug|Xbox 360
		{1C8FE13D-BEAF-437C-908A-5AC780102B31}.Debug|Mixed Platforms.Build.0 = Debug|Xbox 360
		{1C8FE13D-BEAF-437C-908A-5AC780102B31}.Debug|Windows Phone.ActiveCfg = Debug|Xbox 360
		{1C8FE13D-BEAF-437C-908A-5AC780102B31}.Debug|x86.ActiveCfg = Debug|Xbox 360
		{1C8FE13D-BEAF-437C-908A-5AC780102B31}.Debug|Xbox 360.ActiveCfg = Debug|Xbox 360
		{1C8FE13D-BEAF-437C-908A-5AC780102B31}.Debug|Xbox 360.Build.0 = Debug|Xbox 360
		{1C8FE13D-BEAF-437C-908A-5AC780102B31}.DebugWithContent|Mixed Platforms.ActiveCfg = Debug|Xbox 360
		{1C8FE13D-BEAF-437C-908A-5AC780102B31}.DebugWithContent|Mixed Platforms.Build.0 = Debug|Xbox 360
		{1C8FE13D-BEAF-437C-908A-5AC780102B31}.DebugWithContent|Windows Phone.ActiveCfg = Debug|Xbox 360
		{1C8FE13D-BEAF-437C-908A-5AC780102B31}.DebugWithContent|x86.ActiveCfg = Debug|Xbox 360
		{1C8FE13D-BEAF-437C-908A-5AC780102B31}.DebugWithContent|Xbox 360.ActiveCfg = Debug|Xbox 360
		{1C8FE13D-BEAF-437C-908A-5AC780102B31}.DebugWithContent|Xbox 360.Build.0 = Debug|Xbox 360
		{1C8FE13D-BEAF-437C-908A-5AC780102B31}.PipelineDebug|Mixed Platforms.ActiveCfg = Debug|Xbox 360
		{1C8FE13D-BEAF-437C-908A-5AC780102B31}.PipelineDebug|Mixed Platforms.Build.0 = Debug|Xbox 360
		{1C8FE13D-BEAF-437C-908A-5AC780102B31}.PipelineDebug|Windows Phone.ActiveCfg = Debug|Xbox 360
		{1C8FE13D-BEAF-437C-908A-5AC780102B31}.PipelineDebug|x86.ActiveCfg = Debug|Xbox 360
		{1C8FE13D-BEAF-437C-908A-5AC780102B31}.PipelineDebug|Xbox 360.ActiveCfg = Debug|Xbox 360
		{1C8FE13D-BEAF-437C-908A-5AC780102B31}.PipelineDebug|Xbox 360.Build.0 = Debug|Xbox 360
		{1C8FE13D-BEAF-437C-908A-5AC780102B31}.Release all levels unlocked|Mixed Platforms.ActiveCfg = Release|Xbox 360
		{1C8FE13D-BEAF-437C-908A-5AC780102B31}.Release all levels unlocked|Mixed Platforms.Build.0 = Release|Xbox 360
		{1C8FE13D-BEAF-437C-908A-5AC780102B31}.Release all levels unlocked|Windows Phone.ActiveCfg = Release|Xbox 360
		{1C8FE13D-BEAF-437C-908A-5AC780102B31}.Release all levels unlocked|x86.ActiveCfg = Release|Xbox 360
		{1C8FE13D-BEAF-437C-908A-5AC780102B31}.Release all levels unlocked|Xbox 360.ActiveCfg = Release|Xbox 360
		{1C8FE13D-BEAF-437C-908A-5AC780102B31}.Release all levels unlocked|Xbox 360.Build.0 = Release|Xbox 360
		{1C8FE13D-BEAF-437C-908A-5AC780102B31}.Release|Mixed Platforms.ActiveCfg = Release|Xbox 360
		{1C8FE13D-BEAF-437C-908A-5AC780102B31}.Release|Mixed Platforms.Build.0 = Release|Xbox 360
		{1C8FE13D-BEAF-437C-908A-5AC780102B31}.Release|Windows Phone.ActiveCfg = Release|Xbox 360
		{1C8FE13D-BEAF-437C-908A-5AC780102B31}.Release|x86.ActiveCfg = Release|Xbox 360
		{1C8FE13D-BEAF-437C-908A-5AC780102B31}.Release|Xbox 360.ActiveCfg = Release|Xbox 360
		{1C8FE13D-BEAF-437C-908A-5AC780102B31}.Release|Xbox 360.Build.0 = Release|Xbox 360
		{1C8FE13D-BEAF-437C-908A-5AC780102B31}.Release-LOWDEF|Mixed Platforms.ActiveCfg = Release|Xbox 360
		{1C8FE13D-BEAF-437C-908A-5AC780102B31}.Release-LOWDEF|Mixed Platforms.Build.0 = Release|Xbox 360
		{1C8FE13D-BEAF-437C-908A-5AC780102B31}.Release-LOWDEF|Windows Phone.ActiveCfg = Release|Xbox 360
		{1C8FE13D-BEAF-437C-908A-5AC780102B31}.Release-LOWDEF|x86.ActiveCfg = Release|Xbox 360
		{1C8FE13D-BEAF-437C-908A-5AC780102B31}.Release-LOWDEF|Xbox 360.ActiveCfg = Release|Xbox 360
		{1C8FE13D-BEAF-437C-908A-5AC780102B31}.Release-LOWDEF|Xbox 360.Build.0 = Release|Xbox 360
		{63CBEA8E-F9AA-4FD9-AF08-4322A20491B4}.Debug - component profiler|Mixed Platforms.ActiveCfg = Debug|x86
		{63CBEA8E-F9AA-4FD9-AF08-4322A20491B4}.Debug - component profiler|Mixed Platforms.Build.0 = Debug|x86
		{63CBEA8E-F9AA-4FD9-AF08-4322A20491B4}.Debug - component profiler|Windows Phone.ActiveCfg = Debug|x86
		{63CBEA8E-F9AA-4FD9-AF08-4322A20491B4}.Debug - component profiler|x86.ActiveCfg = Debug|x86
		{63CBEA8E-F9AA-4FD9-AF08-4322A20491B4}.Debug - component profiler|x86.Build.0 = Debug|x86
		{63CBEA8E-F9AA-4FD9-AF08-4322A20491B4}.Debug - component profiler|Xbox 360.ActiveCfg = Debug|x86
		{63CBEA8E-F9AA-4FD9-AF08-4322A20491B4}.Debug- component profiler|Mixed Platforms.ActiveCfg = Debug|x86
		{63CBEA8E-F9AA-4FD9-AF08-4322A20491B4}.Debug- component profiler|Mixed Platforms.Build.0 = Debug|x86
		{63CBEA8E-F9AA-4FD9-AF08-4322A20491B4}.Debug- component profiler|Windows Phone.ActiveCfg = Debug|x86
		{63CBEA8E-F9AA-4FD9-AF08-4322A20491B4}.Debug- component profiler|x86.ActiveCfg = Debug|x86
		{63CBEA8E-F9AA-4FD9-AF08-4322A20491B4}.Debug- component profiler|x86.Build.0 = Debug|x86
		{63CBEA8E-F9AA-4FD9-AF08-4322A20491B4}.Debug- component profiler|Xbox 360.ActiveCfg = Debug|x86
		{63CBEA8E-F9AA-4FD9-AF08-4322A20491B4}.Debug|Mixed Platforms.ActiveCfg = Debug|x86
		{63CBEA8E-F9AA-4FD9-AF08-4322A20491B4}.Debug|Mixed Platforms.Build.0 = Debug|x86
		{63CBEA8E-F9AA-4FD9-AF08-4322A20491B4}.Debug|Windows Phone.ActiveCfg = Debug|x86
		{63CBEA8E-F9AA-4FD9-AF08-4322A20491B4}.Debug|x86.ActiveCfg = Debug|x86
		{63CBEA8E-F9AA-4FD9-AF08-4322A20491B4}.Debug|x86.Build.0 = Debug|x86
		{63CBEA8E-F9AA-4FD9-AF08-4322A20491B4}.Debug|Xbox 360.ActiveCfg = Debug|x86
		{63CBEA8E-F9AA-4FD9-AF08-4322A20491B4}.DebugWithContent|Mixed Platforms.ActiveCfg = Debug|x86
		{63CBEA8E-F9AA-4FD9-AF08-4322A20491B4}.DebugWithContent|Mixed Platforms.Build.0 = Debug|x86
		{63CBEA8E-F9AA-4FD9-AF08-4322A20491B4}.DebugWithContent|Windows Phone.ActiveCfg = Debug|x86
		{63CBEA8E-F9AA-4FD9-AF08-4322A20491B4}.DebugWithContent|x86.ActiveCfg = Debug|x86
		{63CBEA8E-F9AA-4FD9-AF08-4322A20491B4}.DebugWithContent|x86.Build.0 = Debug|x86
		{63CBEA8E-F9AA-4FD9-AF08-4322A20491B4}.DebugWithContent|Xbox 360.ActiveCfg = Debug|x86
		{63CBEA8E-F9AA-4FD9-AF08-4322A20491B4}.PipelineDebug|Mixed Platforms.ActiveCfg = Debug|x86
		{63CBEA8E-F9AA-4FD9-AF08-4322A20491B4}.PipelineDebug|Mixed Platforms.Build.0 = Debug|x86
		{63CBEA8E-F9AA-4FD9-AF08-4322A20491B4}.PipelineDebug|Windows Phone.ActiveCfg = Debug|x86
		{63CBEA8E-F9AA-4FD9-AF08-4322A20491B4}.PipelineDebug|x86.ActiveCfg = Debug|x86
		{63CBEA8E-F9AA-4FD9-AF08-4322A20491B4}.PipelineDebug|x86.Build.0 = Debug|x86
		{63CBEA8E-F9AA-4FD9-AF08-4322A20491B4}.PipelineDebug|Xbox 360.ActiveCfg = Debug|x86
		{63CBEA8E-F9AA-4FD9-AF08-4322A20491B4}.Release all levels unlocked|Mixed Platforms.ActiveCfg = Release|x86
		{63CBEA8E-F9AA-4FD9-AF08-4322A20491B4}.Release all levels unlocked|Mixed Platforms.Build.0 = Release|x86
		{63CBEA8E-F9AA-4FD9-AF08-4322A20491B4}.Release all levels unlocked|Windows Phone.ActiveCfg = Release|x86
		{63CBEA8E-F9AA-4FD9-AF08-4322A20491B4}.Release all levels unlocked|x86.ActiveCfg = Release|x86
		{63CBEA8E-F9AA-4FD9-AF08-4322A20491B4}.Release all levels unlocked|x86.Build.0 = Release|x86
		{63CBEA8E-F9AA-4FD9-AF08-4322A20491B4}.Release all levels unlocked|Xbox 360.ActiveCfg = Release|x86
		{63CBEA8E-F9AA-4FD9-AF08-4322A20491B4}.Release|Mixed Platforms.ActiveCfg = Release|x86
		{63CBEA8E-F9AA-4FD9-AF08-4322A20491B4}.Release|Mixed Platforms.Build.0 = Release|x86
		{63CBEA8E-F9AA-4FD9-AF08-4322A20491B4}.Release|Windows Phone.ActiveCfg = Release|x86
		{63CBEA8E-F9AA-4FD9-AF08-4322A20491B4}.Release|x86.ActiveCfg = Release|x86
		{63CBEA8E-F9AA-4FD9-AF08-4322A20491B4}.Release|x86.Build.0 = Release|x86
		{63CBEA8E-F9AA-4FD9-AF08-4322A20491B4}.Release|Xbox 360.ActiveCfg = Release|x86
		{63CBEA8E-F9AA-4FD9-AF08-4322A20491B4}.Release-LOWDEF|Mixed Platforms.ActiveCfg = Release|x86
		{63CBEA8E-F9AA-4FD9-AF08-4322A20491B4}.Release-LOWDEF|Mixed Platforms.Build.0 = Release|x86
		{63CBEA8E-F9AA-4FD9-AF08-4322A20491B4}.Release-LOWDEF|Windows Phone.ActiveCfg = Release|x86
		{63CBEA8E-F9AA-4FD9-AF08-4322A20491B4}.Release-LOWDEF|x86.ActiveCfg = Release|x86
		{63CBEA8E-F9AA-4FD9-AF08-4322A20491B4}.Release-LOWDEF|x86.Build.0 = Release|x86
		{63CBEA8E-F9AA-4FD9-AF08-4322A20491B4}.Release-LOWDEF|Xbox 360.ActiveCfg = Release|x86
	EndGlobalSection
	GlobalSection(SolutionProperties) = preSolution
		HideSolutionNode = FALSE
	EndGlobalSection
EndGlobal
